// !$*UTF8*$!
{
	archiveVersion = 1;
	classes = {
	};
	objectVersion = 55;
	objects = {

/* Begin PBXBuildFile section */
		073649A5281E16D100DA41F7 /* SettingsGeneralController.swift in Sources */ = {isa = PBXBuildFile; fileRef = 073649A4281E16D100DA41F7 /* SettingsGeneralController.swift */; };
		073649A7281E174400DA41F7 /* SettingsGraphicsController.swift in Sources */ = {isa = PBXBuildFile; fileRef = 073649A6281E174400DA41F7 /* SettingsGraphicsController.swift */; };
		073649A9281E189E00DA41F7 /* SettingsPluginsController.swift in Sources */ = {isa = PBXBuildFile; fileRef = 073649A8281E189E00DA41F7 /* SettingsPluginsController.swift */; };
		073649AB281E18B600DA41F7 /* SettingsAdvancedController.swift in Sources */ = {isa = PBXBuildFile; fileRef = 073649AA281E18B600DA41F7 /* SettingsAdvancedController.swift */; };
		073649AD281E35C700DA41F7 /* PrefsGraphics.tiff in Resources */ = {isa = PBXBuildFile; fileRef = 073649AC281E35C700DA41F7 /* PrefsGraphics.tiff */; };
		073649AF281E393000DA41F7 /* PrefsGeneral.tiff in Resources */ = {isa = PBXBuildFile; fileRef = 073649AE281E393000DA41F7 /* PrefsGeneral.tiff */; };
		079A343027F90F350043BEEA /* FirstAidController.swift in Sources */ = {isa = PBXBuildFile; fileRef = 079A342F27F90F350043BEEA /* FirstAidController.swift */; };
		079A343227FA59D90043BEEA /* FFXIVCFGEncoder.swift in Sources */ = {isa = PBXBuildFile; fileRef = 079A343127FA59D90043BEEA /* FFXIVCFGEncoder.swift */; };
		07A3498B2805689200A9D7D0 /* CfgCheckGood.tiff in Resources */ = {isa = PBXBuildFile; fileRef = 07A349892805689200A9D7D0 /* CfgCheckGood.tiff */; };
		07A3498C2805689200A9D7D0 /* CfgCheckProbFailed.tiff in Resources */ = {isa = PBXBuildFile; fileRef = 07A3498A2805689200A9D7D0 /* CfgCheckProbFailed.tiff */; };
		07A3498E28056A2800A9D7D0 /* FirstAidTableCellView.swift in Sources */ = {isa = PBXBuildFile; fileRef = 07A3498D28056A2800A9D7D0 /* FirstAidTableCellView.swift */; };
		07A3499028056C7600A9D7D0 /* CfgCheckProblems.tiff in Resources */ = {isa = PBXBuildFile; fileRef = 07A3498F28056C7600A9D7D0 /* CfgCheckProblems.tiff */; };
		07AAF894283F3D08003C10FA /* PrefixMigrator.swift in Sources */ = {isa = PBXBuildFile; fileRef = 07AAF893283F3D08003C10FA /* PrefixMigrator.swift */; };
		07B529D527D97D2B005B78BF /* Localizable.strings in Resources */ = {isa = PBXBuildFile; fileRef = 07B529D727D97D2B005B78BF /* Localizable.strings */; };
		07B529D927D97F26005B78BF /* installRosetta.command in Resources */ = {isa = PBXBuildFile; fileRef = 07B529D827D97F26005B78BF /* installRosetta.command */; };
		07BF3AF728063A8600794155 /* CfgCheckProbFixed.tiff in Resources */ = {isa = PBXBuildFile; fileRef = 07BF3AF628063A8600794155 /* CfgCheckProbFixed.tiff */; };
		07BF3AFA2806507800794155 /* CfgCheckAdvFailed.tiff in Resources */ = {isa = PBXBuildFile; fileRef = 07BF3AF82806507800794155 /* CfgCheckAdvFailed.tiff */; };
		07BF3AFB2806507800794155 /* CfgCheckAdvFixed.tiff in Resources */ = {isa = PBXBuildFile; fileRef = 07BF3AF92806507800794155 /* CfgCheckAdvFixed.tiff */; };
		07C876DD280B7DD500CB0D8E /* FFXIV-MacDefault.cfg in Resources */ = {isa = PBXBuildFile; fileRef = 07C876DC280B7DD500CB0D8E /* FFXIV-MacDefault.cfg */; };
		07FC7C2E28001EDA009A6FE0 /* FFXIVCFGCheckup.swift in Sources */ = {isa = PBXBuildFile; fileRef = 07FC7C2D28001EDA009A6FE0 /* FFXIVCFGCheckup.swift */; };
		2B7C95D2277C6C6000A3CA89 /* SocialIntegration.swift in Sources */ = {isa = PBXBuildFile; fileRef = 2B7C95D1277C6C6000A3CA89 /* SocialIntegration.swift */; };
		50030AB927F303C300317496 /* MoltenVK in Resources */ = {isa = PBXBuildFile; fileRef = 50030AB827F303C300317496 /* MoltenVK */; };
		5010EFE427E4CE40001D2FEC /* Encryption.swift in Sources */ = {isa = PBXBuildFile; fileRef = 5010EFE327E4CE40001D2FEC /* Encryption.swift */; };
		5015D4C528814047004BA6D8 /* IINACT.swift in Sources */ = {isa = PBXBuildFile; fileRef = 5015D4C428814047004BA6D8 /* IINACT.swift */; };
		5015D4C72881E97C004BA6D8 /* BunnyHUD.swift in Sources */ = {isa = PBXBuildFile; fileRef = 5015D4C62881E97C004BA6D8 /* BunnyHUD.swift */; };
		5015D4C92881EAF9004BA6D8 /* AddOn.swift in Sources */ = {isa = PBXBuildFile; fileRef = 5015D4C82881EAF9004BA6D8 /* AddOn.swift */; };
		501956A327F04616003CB437 /* LaunchWindowController.swift in Sources */ = {isa = PBXBuildFile; fileRef = 501956A227F04616003CB437 /* LaunchWindowController.swift */; };
		5020957927C9611A00BD76CC /* Patch.swift in Sources */ = {isa = PBXBuildFile; fileRef = 5020957827C9611A00BD76CC /* Patch.swift */; };
		502A18D827AA8C0D00144AB9 /* LoginCredentials.swift in Sources */ = {isa = PBXBuildFile; fileRef = 502A18D727AA8C0D00144AB9 /* LoginCredentials.swift */; };
		502A18E127AABF8400144AB9 /* KeychainAccess in Frameworks */ = {isa = PBXBuildFile; productRef = 502A18E027AABF8400144AB9 /* KeychainAccess */; };
		502A18E927AACEFE00144AB9 /* LaunchController.swift in Sources */ = {isa = PBXBuildFile; fileRef = 502A18E827AACEFE00144AB9 /* LaunchController.swift */; };
		503B819628391054006197C1 /* XIVLauncher.NativeAOT.dylib in Embed Libraries */ = {isa = PBXBuildFile; fileRef = 503B819428391054006197C1 /* XIVLauncher.NativeAOT.dylib */; settings = {ATTRIBUTES = (CodeSignOnCopy, ); }; };
		503B819C28394341006197C1 /* XIVLauncher.NativeAOT.dylib in Frameworks */ = {isa = PBXBuildFile; fileRef = 503B819928394341006197C1 /* XIVLauncher.NativeAOT.dylib */; };
		5043E36C27728BA300E59127 /* wine in Resources */ = {isa = PBXBuildFile; fileRef = 5043E36B27728BA300E59127 /* wine */; };
		5046F7EF27E74AC9006C34E1 /* discord_bridge.exe in Resources */ = {isa = PBXBuildFile; fileRef = 5046F7EE27E74A9A006C34E1 /* discord_bridge.exe */; };
		5049B9AE283BAFE600463A2B /* Log.swift in Sources */ = {isa = PBXBuildFile; fileRef = 5049B9AD283BAFE600463A2B /* Log.swift */; };
		5049B9B0283BF89400463A2B /* LoginResult.swift in Sources */ = {isa = PBXBuildFile; fileRef = 5049B9AF283BF89400463A2B /* LoginResult.swift */; };
		5049B9B3283CFEC600463A2B /* libsteam_api64.dylib in Frameworks */ = {isa = PBXBuildFile; fileRef = 5049B9B2283CFEC600463A2B /* libsteam_api64.dylib */; };
		5049B9B4283CFEC600463A2B /* libsteam_api64.dylib in Embed Libraries */ = {isa = PBXBuildFile; fileRef = 5049B9B2283CFEC600463A2B /* libsteam_api64.dylib */; settings = {ATTRIBUTES = (CodeSignOnCopy, ); }; };
		50511EC52770E085003A1E9F /* AppDelegate.swift in Sources */ = {isa = PBXBuildFile; fileRef = 50511EC42770E085003A1E9F /* AppDelegate.swift */; };
		50511EC72770E085003A1E9F /* InstallerController.swift in Sources */ = {isa = PBXBuildFile; fileRef = 50511EC62770E085003A1E9F /* InstallerController.swift */; };
		50511EC92770E087003A1E9F /* Assets.xcassets in Resources */ = {isa = PBXBuildFile; fileRef = 50511EC82770E087003A1E9F /* Assets.xcassets */; };
		50511ECC2770E087003A1E9F /* Main.storyboard in Resources */ = {isa = PBXBuildFile; fileRef = 50511ECA2770E087003A1E9F /* Main.storyboard */; };
		505C0D9B277333920008A344 /* Util.swift in Sources */ = {isa = PBXBuildFile; fileRef = 505C0D9A277333920008A344 /* Util.swift */; };
		50692C8927B3D13700945593 /* Sparkle in Frameworks */ = {isa = PBXBuildFile; productRef = 50692C8827B3D13700945593 /* Sparkle */; };
		50692C8B27B3E48B00945593 /* Credits.html in Resources */ = {isa = PBXBuildFile; fileRef = 50692C8A27B3E48B00945593 /* Credits.html */; };
		507607A127B149F600DDF3E6 /* Frontier.swift in Sources */ = {isa = PBXBuildFile; fileRef = 507607A027B149F600DDF3E6 /* Frontier.swift */; };
		5077A32C27C12A9100D4F1B8 /* Settings.swift in Sources */ = {isa = PBXBuildFile; fileRef = 5077A32B27C12A9100D4F1B8 /* Settings.swift */; };
		507C600127CAA72000BA3CC2 /* PatchController.swift in Sources */ = {isa = PBXBuildFile; fileRef = 507C600027CAA72000BA3CC2 /* PatchController.swift */; };
		507CFBF62781C780007ADEC9 /* ZIPFoundation in Frameworks */ = {isa = PBXBuildFile; productRef = 507CFBF52781C780007ADEC9 /* ZIPFoundation */; };
		507D8F2127766F52000F0CB0 /* dxvk in Resources */ = {isa = PBXBuildFile; fileRef = 507D8F2027766F52000F0CB0 /* dxvk */; };
		509252E2287243FF00B00584 /* Anamnesis.swift in Sources */ = {isa = PBXBuildFile; fileRef = 509252E1287243FF00B00584 /* Anamnesis.swift */; };
		509FE19A27E3654E008D56D6 /* FFXIVEnums.swift in Sources */ = {isa = PBXBuildFile; fileRef = 509FE19927E3654E008D56D6 /* FFXIVEnums.swift */; };
		509FE19C27E39DCB008D56D6 /* FFXIVApp.swift in Sources */ = {isa = PBXBuildFile; fileRef = 509FE19B27E39DCB008D56D6 /* FFXIVApp.swift */; };
		50B1C5B827D25620006DA54E /* SeeURL in Frameworks */ = {isa = PBXBuildFile; productRef = 50B1C5B727D25620006DA54E /* SeeURL */; };
		50B2A2B527AC1BC400EFA0A2 /* LoginSheetController.swift in Sources */ = {isa = PBXBuildFile; fileRef = 50B2A2B427AC1BC400EFA0A2 /* LoginSheetController.swift */; };
		50BC73CF27C2BEAF006269AC /* ACT.swift in Sources */ = {isa = PBXBuildFile; fileRef = 50BC73CE27C2BEAF006269AC /* ACT.swift */; };
		50BC73D327C2C3F3006269AC /* GShade.swift in Sources */ = {isa = PBXBuildFile; fileRef = 50BC73D227C2C3F3006269AC /* GShade.swift */; };
		50BD278727785418002B0D1F /* Notifications.swift in Sources */ = {isa = PBXBuildFile; fileRef = 50BD278627785418002B0D1F /* Notifications.swift */; };
		50D30FA027B92EDB007A9F66 /* OTP.swift in Sources */ = {isa = PBXBuildFile; fileRef = 50D30F9F27B92EDB007A9F66 /* OTP.swift */; };
		50D30FA327B93359007A9F66 /* Embassy in Frameworks */ = {isa = PBXBuildFile; productRef = 50D30FA227B93359007A9F66 /* Embassy */; };
		50DC355927E8B6AD00DBA62C /* AppMover in Frameworks */ = {isa = PBXBuildFile; productRef = 50DC355827E8B6AD00DBA62C /* AppMover */; };
		50DC355E27E9CEEE00DBA62C /* Base32 in Frameworks */ = {isa = PBXBuildFile; productRef = 50DC355D27E9CEEE00DBA62C /* Base32 */; };
		50DF1F8527CCB83300DE9DA5 /* FFXIVRepo.swift in Sources */ = {isa = PBXBuildFile; fileRef = 50DF1F8427CCB83300DE9DA5 /* FFXIVRepo.swift */; };
		50DF1F8827CD261A00DE9DA5 /* OrderedCollections in Frameworks */ = {isa = PBXBuildFile; productRef = 50DF1F8727CD261A00DE9DA5 /* OrderedCollections */; };
		50DF45992795C53300E3D22F /* GShade in Resources */ = {isa = PBXBuildFile; fileRef = 50DF45982795C53300E3D22F /* GShade */; };
		50E5387B2779CF5C0038521A /* SettingsController.swift in Sources */ = {isa = PBXBuildFile; fileRef = 50E5387A2779CF5C0038521A /* SettingsController.swift */; };
		50E980DE2840A65000050151 /* RepairController.swift in Sources */ = {isa = PBXBuildFile; fileRef = 50E980DD2840A65000050151 /* RepairController.swift */; };
		50ED0DB32773C619002E9854 /* Dotnet.swift in Sources */ = {isa = PBXBuildFile; fileRef = 50ED0DB22773C619002E9854 /* Dotnet.swift */; };
		50ED0DB52773CA8C002E9854 /* Networking.swift in Sources */ = {isa = PBXBuildFile; fileRef = 50ED0DB42773CA8C002E9854 /* Networking.swift */; };
		50F4BD2427CFA70A00FB165D /* Dxvk.swift in Sources */ = {isa = PBXBuildFile; fileRef = 50F4BD2327CFA70A00FB165D /* Dxvk.swift */; };
		50F6CBAA27A975A000013301 /* Wine.swift in Sources */ = {isa = PBXBuildFile; fileRef = 50F6CBA927A975A000013301 /* Wine.swift */; };
		50FC2DFF27F974D300871760 /* DxvkStateCache.swift in Sources */ = {isa = PBXBuildFile; fileRef = 50FC2DFE27F974D300871760 /* DxvkStateCache.swift */; };
		50FC2E0127F9751600871760 /* DxvkError.swift in Sources */ = {isa = PBXBuildFile; fileRef = 50FC2E0027F9751600871760 /* DxvkError.swift */; };
/* End PBXBuildFile section */

/* Begin PBXCopyFilesBuildPhase section */
		503B819728391054006197C1 /* Embed Libraries */ = {
			isa = PBXCopyFilesBuildPhase;
			buildActionMask = 2147483647;
			dstPath = "";
			dstSubfolderSpec = 10;
			files = (
				5049B9B4283CFEC600463A2B /* libsteam_api64.dylib in Embed Libraries */,
				503B819628391054006197C1 /* XIVLauncher.NativeAOT.dylib in Embed Libraries */,
			);
			name = "Embed Libraries";
			runOnlyForDeploymentPostprocessing = 0;
		};
/* End PBXCopyFilesBuildPhase section */

/* Begin PBXFileReference section */
		073649A4281E16D100DA41F7 /* SettingsGeneralController.swift */ = {isa = PBXFileReference; lastKnownFileType = sourcecode.swift; path = SettingsGeneralController.swift; sourceTree = "<group>"; };
		073649A6281E174400DA41F7 /* SettingsGraphicsController.swift */ = {isa = PBXFileReference; lastKnownFileType = sourcecode.swift; path = SettingsGraphicsController.swift; sourceTree = "<group>"; };
		073649A8281E189E00DA41F7 /* SettingsPluginsController.swift */ = {isa = PBXFileReference; lastKnownFileType = sourcecode.swift; path = SettingsPluginsController.swift; sourceTree = "<group>"; };
		073649AA281E18B600DA41F7 /* SettingsAdvancedController.swift */ = {isa = PBXFileReference; lastKnownFileType = sourcecode.swift; path = SettingsAdvancedController.swift; sourceTree = "<group>"; };
		073649AC281E35C700DA41F7 /* PrefsGraphics.tiff */ = {isa = PBXFileReference; lastKnownFileType = image.tiff; path = PrefsGraphics.tiff; sourceTree = "<group>"; };
		073649AE281E393000DA41F7 /* PrefsGeneral.tiff */ = {isa = PBXFileReference; lastKnownFileType = image.tiff; path = PrefsGeneral.tiff; sourceTree = "<group>"; };
		079A342F27F90F350043BEEA /* FirstAidController.swift */ = {isa = PBXFileReference; lastKnownFileType = sourcecode.swift; path = FirstAidController.swift; sourceTree = "<group>"; };
		079A343127FA59D90043BEEA /* FFXIVCFGEncoder.swift */ = {isa = PBXFileReference; lastKnownFileType = sourcecode.swift; path = FFXIVCFGEncoder.swift; sourceTree = "<group>"; };
		07A349892805689200A9D7D0 /* CfgCheckGood.tiff */ = {isa = PBXFileReference; lastKnownFileType = image.tiff; path = CfgCheckGood.tiff; sourceTree = "<group>"; };
		07A3498A2805689200A9D7D0 /* CfgCheckProbFailed.tiff */ = {isa = PBXFileReference; lastKnownFileType = image.tiff; path = CfgCheckProbFailed.tiff; sourceTree = "<group>"; };
		07A3498D28056A2800A9D7D0 /* FirstAidTableCellView.swift */ = {isa = PBXFileReference; lastKnownFileType = sourcecode.swift; path = FirstAidTableCellView.swift; sourceTree = "<group>"; };
		07A3498F28056C7600A9D7D0 /* CfgCheckProblems.tiff */ = {isa = PBXFileReference; lastKnownFileType = image.tiff; path = CfgCheckProblems.tiff; sourceTree = "<group>"; };
		07AAF893283F3D08003C10FA /* PrefixMigrator.swift */ = {isa = PBXFileReference; lastKnownFileType = sourcecode.swift; path = PrefixMigrator.swift; sourceTree = "<group>"; };
		07B529D627D97D2B005B78BF /* en */ = {isa = PBXFileReference; lastKnownFileType = text.plist.strings; name = en; path = en.lproj/Localizable.strings; sourceTree = "<group>"; };
		07B529D827D97F26005B78BF /* installRosetta.command */ = {isa = PBXFileReference; lastKnownFileType = text; path = installRosetta.command; sourceTree = "<group>"; };
		07BF3AF628063A8600794155 /* CfgCheckProbFixed.tiff */ = {isa = PBXFileReference; lastKnownFileType = image.tiff; path = CfgCheckProbFixed.tiff; sourceTree = "<group>"; };
		07BF3AF82806507800794155 /* CfgCheckAdvFailed.tiff */ = {isa = PBXFileReference; lastKnownFileType = image.tiff; path = CfgCheckAdvFailed.tiff; sourceTree = "<group>"; };
		07BF3AF92806507800794155 /* CfgCheckAdvFixed.tiff */ = {isa = PBXFileReference; lastKnownFileType = image.tiff; path = CfgCheckAdvFixed.tiff; sourceTree = "<group>"; };
		07C876DC280B7DD500CB0D8E /* FFXIV-MacDefault.cfg */ = {isa = PBXFileReference; fileEncoding = 4; lastKnownFileType = text; path = "FFXIV-MacDefault.cfg"; sourceTree = "<group>"; };
		07FC7C2D28001EDA009A6FE0 /* FFXIVCFGCheckup.swift */ = {isa = PBXFileReference; lastKnownFileType = sourcecode.swift; path = FFXIVCFGCheckup.swift; sourceTree = "<group>"; };
		2B7C95D1277C6C6000A3CA89 /* SocialIntegration.swift */ = {isa = PBXFileReference; lastKnownFileType = sourcecode.swift; path = SocialIntegration.swift; sourceTree = "<group>"; };
		50030AB827F303C300317496 /* MoltenVK */ = {isa = PBXFileReference; lastKnownFileType = folder; path = MoltenVK; sourceTree = "<group>"; };
		5010EFE327E4CE40001D2FEC /* Encryption.swift */ = {isa = PBXFileReference; lastKnownFileType = sourcecode.swift; path = Encryption.swift; sourceTree = "<group>"; };
		5015D4C428814047004BA6D8 /* IINACT.swift */ = {isa = PBXFileReference; lastKnownFileType = sourcecode.swift; path = IINACT.swift; sourceTree = "<group>"; };
		5015D4C62881E97C004BA6D8 /* BunnyHUD.swift */ = {isa = PBXFileReference; lastKnownFileType = sourcecode.swift; path = BunnyHUD.swift; sourceTree = "<group>"; };
		5015D4C82881EAF9004BA6D8 /* AddOn.swift */ = {isa = PBXFileReference; lastKnownFileType = sourcecode.swift; path = AddOn.swift; sourceTree = "<group>"; };
		501956A227F04616003CB437 /* LaunchWindowController.swift */ = {isa = PBXFileReference; lastKnownFileType = sourcecode.swift; path = LaunchWindowController.swift; sourceTree = "<group>"; };
		5020957827C9611A00BD76CC /* Patch.swift */ = {isa = PBXFileReference; lastKnownFileType = sourcecode.swift; path = Patch.swift; sourceTree = "<group>"; };
		502A18D727AA8C0D00144AB9 /* LoginCredentials.swift */ = {isa = PBXFileReference; lastKnownFileType = sourcecode.swift; path = LoginCredentials.swift; sourceTree = "<group>"; };
		502A18E827AACEFE00144AB9 /* LaunchController.swift */ = {isa = PBXFileReference; lastKnownFileType = sourcecode.swift; path = LaunchController.swift; sourceTree = "<group>"; };
		503B819428391054006197C1 /* XIVLauncher.NativeAOT.dylib */ = {isa = PBXFileReference; lastKnownFileType = "compiled.mach-o.dylib"; name = XIVLauncher.NativeAOT.dylib; path = "XIV on Mac/XIVLauncher.NativeAOT/XIVLauncher.NativeAOT.dylib"; sourceTree = "<group>"; };
		503B819928394341006197C1 /* XIVLauncher.NativeAOT.dylib */ = {isa = PBXFileReference; lastKnownFileType = "compiled.mach-o.dylib"; path = XIVLauncher.NativeAOT.dylib; sourceTree = "<group>"; };
		503B819A28394341006197C1 /* module.modulemap */ = {isa = PBXFileReference; fileEncoding = 4; lastKnownFileType = "sourcecode.module-map"; path = module.modulemap; sourceTree = "<group>"; };
		503B819B28394341006197C1 /* XIVLauncher.h */ = {isa = PBXFileReference; fileEncoding = 4; lastKnownFileType = sourcecode.c.h; path = XIVLauncher.h; sourceTree = "<group>"; };
		5043E36B27728BA300E59127 /* wine */ = {isa = PBXFileReference; lastKnownFileType = folder; path = wine; sourceTree = "<group>"; };
		5046F7EE27E74A9A006C34E1 /* discord_bridge.exe */ = {isa = PBXFileReference; lastKnownFileType = file; path = discord_bridge.exe; sourceTree = "<group>"; };
		5049B9AC283BA82800463A2B /* Serilog.h */ = {isa = PBXFileReference; lastKnownFileType = sourcecode.c.h; path = Serilog.h; sourceTree = "<group>"; };
		5049B9AD283BAFE600463A2B /* Log.swift */ = {isa = PBXFileReference; lastKnownFileType = sourcecode.swift; path = Log.swift; sourceTree = "<group>"; };
		5049B9AF283BF89400463A2B /* LoginResult.swift */ = {isa = PBXFileReference; lastKnownFileType = sourcecode.swift; path = LoginResult.swift; sourceTree = "<group>"; };
		5049B9B1283CA89F00463A2B /* CompatibilityTools.h */ = {isa = PBXFileReference; lastKnownFileType = sourcecode.c.h; path = CompatibilityTools.h; sourceTree = "<group>"; };
		5049B9B2283CFEC600463A2B /* libsteam_api64.dylib */ = {isa = PBXFileReference; lastKnownFileType = "compiled.mach-o.dylib"; name = libsteam_api64.dylib; path = "XIV on Mac/XIVLauncher.NativeAOT/libsteam_api64.dylib"; sourceTree = "<group>"; };
		504DF38B28C2BEA000535ED4 /* en */ = {isa = PBXFileReference; lastKnownFileType = text.plist.strings; name = en; path = en.lproj/Main.strings; sourceTree = "<group>"; };
		50511EC12770E085003A1E9F /* XIV on Mac.app */ = {isa = PBXFileReference; explicitFileType = wrapper.application; includeInIndex = 0; path = "XIV on Mac.app"; sourceTree = BUILT_PRODUCTS_DIR; };
		50511EC42770E085003A1E9F /* AppDelegate.swift */ = {isa = PBXFileReference; lastKnownFileType = sourcecode.swift; path = AppDelegate.swift; sourceTree = "<group>"; };
		50511EC62770E085003A1E9F /* InstallerController.swift */ = {isa = PBXFileReference; lastKnownFileType = sourcecode.swift; path = InstallerController.swift; sourceTree = "<group>"; };
		50511EC82770E087003A1E9F /* Assets.xcassets */ = {isa = PBXFileReference; lastKnownFileType = folder.assetcatalog; path = Assets.xcassets; sourceTree = "<group>"; };
		50511ECB2770E087003A1E9F /* Base */ = {isa = PBXFileReference; lastKnownFileType = file.storyboard; name = Base; path = Base.lproj/Main.storyboard; sourceTree = "<group>"; };
		50511ECD2770E087003A1E9F /* XIV_on_Mac.entitlements */ = {isa = PBXFileReference; lastKnownFileType = text.plist.entitlements; path = XIV_on_Mac.entitlements; sourceTree = "<group>"; };
		505C0D9A277333920008A344 /* Util.swift */ = {isa = PBXFileReference; lastKnownFileType = sourcecode.swift; path = Util.swift; sourceTree = "<group>"; };
		50692C8A27B3E48B00945593 /* Credits.html */ = {isa = PBXFileReference; fileEncoding = 4; lastKnownFileType = text.html; path = Credits.html; sourceTree = "<group>"; };
		507607A027B149F600DDF3E6 /* Frontier.swift */ = {isa = PBXFileReference; lastKnownFileType = sourcecode.swift; path = Frontier.swift; sourceTree = "<group>"; };
		5077A32B27C12A9100D4F1B8 /* Settings.swift */ = {isa = PBXFileReference; lastKnownFileType = sourcecode.swift; path = Settings.swift; sourceTree = "<group>"; };
		507C600027CAA72000BA3CC2 /* PatchController.swift */ = {isa = PBXFileReference; lastKnownFileType = sourcecode.swift; path = PatchController.swift; sourceTree = "<group>"; };
		507D8F2027766F52000F0CB0 /* dxvk */ = {isa = PBXFileReference; lastKnownFileType = folder; path = dxvk; sourceTree = "<group>"; };
		509252E1287243FF00B00584 /* Anamnesis.swift */ = {isa = PBXFileReference; lastKnownFileType = sourcecode.swift; path = Anamnesis.swift; sourceTree = "<group>"; };
		509FE19927E3654E008D56D6 /* FFXIVEnums.swift */ = {isa = PBXFileReference; lastKnownFileType = sourcecode.swift; path = FFXIVEnums.swift; sourceTree = "<group>"; };
		509FE19B27E39DCB008D56D6 /* FFXIVApp.swift */ = {isa = PBXFileReference; lastKnownFileType = sourcecode.swift; path = FFXIVApp.swift; sourceTree = "<group>"; };
		50B2A2B327ABEF6800EFA0A2 /* XIV-on-Mac-Info.plist */ = {isa = PBXFileReference; lastKnownFileType = text.plist; path = "XIV-on-Mac-Info.plist"; sourceTree = SOURCE_ROOT; };
		50B2A2B427AC1BC400EFA0A2 /* LoginSheetController.swift */ = {isa = PBXFileReference; lastKnownFileType = sourcecode.swift; path = LoginSheetController.swift; sourceTree = "<group>"; };
		50BC73CE27C2BEAF006269AC /* ACT.swift */ = {isa = PBXFileReference; lastKnownFileType = sourcecode.swift; path = ACT.swift; sourceTree = "<group>"; };
		50BC73D227C2C3F3006269AC /* GShade.swift */ = {isa = PBXFileReference; lastKnownFileType = sourcecode.swift; path = GShade.swift; sourceTree = "<group>"; };
		50BD278627785418002B0D1F /* Notifications.swift */ = {isa = PBXFileReference; lastKnownFileType = sourcecode.swift; path = Notifications.swift; sourceTree = "<group>"; };
		50D30F9F27B92EDB007A9F66 /* OTP.swift */ = {isa = PBXFileReference; lastKnownFileType = sourcecode.swift; path = OTP.swift; sourceTree = "<group>"; };
		50DF1F8427CCB83300DE9DA5 /* FFXIVRepo.swift */ = {isa = PBXFileReference; lastKnownFileType = sourcecode.swift; path = FFXIVRepo.swift; sourceTree = "<group>"; };
		50DF45982795C53300E3D22F /* GShade */ = {isa = PBXFileReference; lastKnownFileType = folder; path = GShade; sourceTree = "<group>"; };
		50E5387A2779CF5C0038521A /* SettingsController.swift */ = {isa = PBXFileReference; lastKnownFileType = sourcecode.swift; path = SettingsController.swift; sourceTree = "<group>"; };
		50E980DD2840A65000050151 /* RepairController.swift */ = {isa = PBXFileReference; lastKnownFileType = sourcecode.swift; path = RepairController.swift; sourceTree = "<group>"; };
		50ED0DB22773C619002E9854 /* Dotnet.swift */ = {isa = PBXFileReference; lastKnownFileType = sourcecode.swift; path = Dotnet.swift; sourceTree = "<group>"; };
		50ED0DB42773CA8C002E9854 /* Networking.swift */ = {isa = PBXFileReference; lastKnownFileType = sourcecode.swift; path = Networking.swift; sourceTree = "<group>"; };
		50F4BD2327CFA70A00FB165D /* Dxvk.swift */ = {isa = PBXFileReference; lastKnownFileType = sourcecode.swift; path = Dxvk.swift; sourceTree = "<group>"; };
		50F6CBA927A975A000013301 /* Wine.swift */ = {isa = PBXFileReference; lastKnownFileType = sourcecode.swift; path = Wine.swift; sourceTree = "<group>"; };
		50FC2DFE27F974D300871760 /* DxvkStateCache.swift */ = {isa = PBXFileReference; fileEncoding = 4; lastKnownFileType = sourcecode.swift; path = DxvkStateCache.swift; sourceTree = "<group>"; };
		50FC2E0027F9751600871760 /* DxvkError.swift */ = {isa = PBXFileReference; fileEncoding = 4; lastKnownFileType = sourcecode.swift; path = DxvkError.swift; sourceTree = "<group>"; };
		FC2A0719289A5E4300C25C34 /* ja */ = {isa = PBXFileReference; lastKnownFileType = text.plist.strings; name = ja; path = ja.lproj/Main.strings; sourceTree = "<group>"; };
		FC2A071A289A5E4300C25C34 /* ja */ = {isa = PBXFileReference; lastKnownFileType = text.plist.strings; name = ja; path = ja.lproj/Localizable.strings; sourceTree = "<group>"; };
/* End PBXFileReference section */

/* Begin PBXFrameworksBuildPhase section */
		50511EBE2770E085003A1E9F /* Frameworks */ = {
			isa = PBXFrameworksBuildPhase;
			buildActionMask = 2147483647;
			files = (
				50DC355E27E9CEEE00DBA62C /* Base32 in Frameworks */,
				50B1C5B827D25620006DA54E /* SeeURL in Frameworks */,
				50692C8927B3D13700945593 /* Sparkle in Frameworks */,
				502A18E127AABF8400144AB9 /* KeychainAccess in Frameworks */,
				50DF1F8827CD261A00DE9DA5 /* OrderedCollections in Frameworks */,
				503B819C28394341006197C1 /* XIVLauncher.NativeAOT.dylib in Frameworks */,
				5049B9B3283CFEC600463A2B /* libsteam_api64.dylib in Frameworks */,
				50DC355927E8B6AD00DBA62C /* AppMover in Frameworks */,
				50D30FA327B93359007A9F66 /* Embassy in Frameworks */,
				507CFBF62781C780007ADEC9 /* ZIPFoundation in Frameworks */,
			);
			runOnlyForDeploymentPostprocessing = 0;
		};
/* End PBXFrameworksBuildPhase section */

/* Begin PBXGroup section */
		07A349882805689200A9D7D0 /* Resources */ = {
			isa = PBXGroup;
			children = (
				07A349892805689200A9D7D0 /* CfgCheckGood.tiff */,
				07A3498F28056C7600A9D7D0 /* CfgCheckProblems.tiff */,
				07A3498A2805689200A9D7D0 /* CfgCheckProbFailed.tiff */,
				07BF3AF628063A8600794155 /* CfgCheckProbFixed.tiff */,
				07BF3AF82806507800794155 /* CfgCheckAdvFailed.tiff */,
				07BF3AF92806507800794155 /* CfgCheckAdvFixed.tiff */,
				073649AC281E35C700DA41F7 /* PrefsGraphics.tiff */,
				073649AE281E393000DA41F7 /* PrefsGeneral.tiff */,
			);
			path = Resources;
			sourceTree = "<group>";
		};
		503B819328391054006197C1 /* Frameworks */ = {
			isa = PBXGroup;
			children = (
				5049B9B2283CFEC600463A2B /* libsteam_api64.dylib */,
				503B819428391054006197C1 /* XIVLauncher.NativeAOT.dylib */,
			);
			name = Frameworks;
			sourceTree = "<group>";
		};
		503B819828394341006197C1 /* XIVLauncher.NativeAOT */ = {
			isa = PBXGroup;
			children = (
				503B819928394341006197C1 /* XIVLauncher.NativeAOT.dylib */,
				503B819A28394341006197C1 /* module.modulemap */,
				5049B9B1283CA89F00463A2B /* CompatibilityTools.h */,
				5049B9AC283BA82800463A2B /* Serilog.h */,
				503B819B28394341006197C1 /* XIVLauncher.h */,
			);
			path = XIVLauncher.NativeAOT;
			sourceTree = "<group>";
		};
		50511EB82770E085003A1E9F = {
			isa = PBXGroup;
			children = (
				50511EC32770E085003A1E9F /* XIV on Mac */,
				50511EC22770E085003A1E9F /* Products */,
				503B819328391054006197C1 /* Frameworks */,
			);
			sourceTree = "<group>";
		};
		50511EC22770E085003A1E9F /* Products */ = {
			isa = PBXGroup;
			children = (
				50511EC12770E085003A1E9F /* XIV on Mac.app */,
			);
			name = Products;
			sourceTree = "<group>";
		};
		50511EC32770E085003A1E9F /* XIV on Mac */ = {
			isa = PBXGroup;
			children = (
				50B2A2B327ABEF6800EFA0A2 /* XIV-on-Mac-Info.plist */,
				505C0D9A277333920008A344 /* Util.swift */,
				50F6CBA927A975A000013301 /* Wine.swift */,
				5049B9AD283BAFE600463A2B /* Log.swift */,
				50511EC42770E085003A1E9F /* AppDelegate.swift */,
				5010EFE327E4CE40001D2FEC /* Encryption.swift */,
				50F8A5F827BFA93800ADC0CB /* Patcher */,
				509A62D527A58966001B203A /* Launcher */,
				50BC73D427C2C804006269AC /* AddOns */,
				503B819828394341006197C1 /* XIVLauncher.NativeAOT */,
				50FC2DFD27F9744700871760 /* DxvkUtils */,
				5095B97A2806B20600364374 /* FirstAid */,
				50E32256281FA4BB00695B2E /* Settings */,
				50511EC62770E085003A1E9F /* InstallerController.swift */,
				50B2A2B427AC1BC400EFA0A2 /* LoginSheetController.swift */,
				50BD278627785418002B0D1F /* Notifications.swift */,
				50ED0DB42773CA8C002E9854 /* Networking.swift */,
				2B7C95D1277C6C6000A3CA89 /* SocialIntegration.swift */,
				07AAF893283F3D08003C10FA /* PrefixMigrator.swift */,
				50511EC82770E087003A1E9F /* Assets.xcassets */,
				50692C8A27B3E48B00945593 /* Credits.html */,
				50511ECA2770E087003A1E9F /* Main.storyboard */,
				50511ECD2770E087003A1E9F /* XIV_on_Mac.entitlements */,
				50DF45982795C53300E3D22F /* GShade */,
				50030AB827F303C300317496 /* MoltenVK */,
				507D8F2027766F52000F0CB0 /* dxvk */,
				5043E36B27728BA300E59127 /* wine */,
				07B529D727D97D2B005B78BF /* Localizable.strings */,
				07A349882805689200A9D7D0 /* Resources */,
				07C876DC280B7DD500CB0D8E /* FFXIV-MacDefault.cfg */,
				07B529D827D97F26005B78BF /* installRosetta.command */,
				5046F7EE27E74A9A006C34E1 /* discord_bridge.exe */,
			);
			path = "XIV on Mac";
			sourceTree = "<group>";
		};
		5095B97A2806B20600364374 /* FirstAid */ = {
			isa = PBXGroup;
			children = (
				079A342F27F90F350043BEEA /* FirstAidController.swift */,
				07A3498D28056A2800A9D7D0 /* FirstAidTableCellView.swift */,
				079A343127FA59D90043BEEA /* FFXIVCFGEncoder.swift */,
				07FC7C2D28001EDA009A6FE0 /* FFXIVCFGCheckup.swift */,
			);
			path = FirstAid;
			sourceTree = "<group>";
		};
		509A62D527A58966001B203A /* Launcher */ = {
			isa = PBXGroup;
			children = (
				502A18E827AACEFE00144AB9 /* LaunchController.swift */,
				501956A227F04616003CB437 /* LaunchWindowController.swift */,
				50D30F9F27B92EDB007A9F66 /* OTP.swift */,
				509FE19B27E39DCB008D56D6 /* FFXIVApp.swift */,
				509FE19927E3654E008D56D6 /* FFXIVEnums.swift */,
				502A18D727AA8C0D00144AB9 /* LoginCredentials.swift */,
				5077A32B27C12A9100D4F1B8 /* Settings.swift */,
				507607A027B149F600DDF3E6 /* Frontier.swift */,
				5049B9AF283BF89400463A2B /* LoginResult.swift */,
			);
			path = Launcher;
			sourceTree = "<group>";
		};
		50BC73D427C2C804006269AC /* AddOns */ = {
			isa = PBXGroup;
			children = (
				5015D4C82881EAF9004BA6D8 /* AddOn.swift */,
				50ED0DB22773C619002E9854 /* Dotnet.swift */,
				509252E1287243FF00B00584 /* Anamnesis.swift */,
				5015D4C62881E97C004BA6D8 /* BunnyHUD.swift */,
				50BC73CE27C2BEAF006269AC /* ACT.swift */,
				5015D4C428814047004BA6D8 /* IINACT.swift */,
				50BC73D227C2C3F3006269AC /* GShade.swift */,
			);
			path = AddOns;
			sourceTree = "<group>";
		};
		50E32256281FA4BB00695B2E /* Settings */ = {
			isa = PBXGroup;
			children = (
				50E5387A2779CF5C0038521A /* SettingsController.swift */,
				073649A4281E16D100DA41F7 /* SettingsGeneralController.swift */,
				073649A6281E174400DA41F7 /* SettingsGraphicsController.swift */,
				073649A8281E189E00DA41F7 /* SettingsPluginsController.swift */,
				073649AA281E18B600DA41F7 /* SettingsAdvancedController.swift */,
			);
			path = Settings;
			sourceTree = "<group>";
		};
		50F8A5F827BFA93800ADC0CB /* Patcher */ = {
			isa = PBXGroup;
			children = (
				507C600027CAA72000BA3CC2 /* PatchController.swift */,
				50E980DD2840A65000050151 /* RepairController.swift */,
				5020957827C9611A00BD76CC /* Patch.swift */,
				50DF1F8427CCB83300DE9DA5 /* FFXIVRepo.swift */,
			);
			path = Patcher;
			sourceTree = "<group>";
		};
		50FC2DFD27F9744700871760 /* DxvkUtils */ = {
			isa = PBXGroup;
			children = (
				50F4BD2327CFA70A00FB165D /* Dxvk.swift */,
				50FC2DFE27F974D300871760 /* DxvkStateCache.swift */,
				50FC2E0027F9751600871760 /* DxvkError.swift */,
			);
			path = DxvkUtils;
			sourceTree = "<group>";
		};
/* End PBXGroup section */

/* Begin PBXNativeTarget section */
		50511EC02770E085003A1E9F /* XIV on Mac */ = {
			isa = PBXNativeTarget;
			buildConfigurationList = 50511ED02770E087003A1E9F /* Build configuration list for PBXNativeTarget "XIV on Mac" */;
			buildPhases = (
				5049B9AB283B8E1300463A2B /* Fix  XIVLauncher.NativeAOT LC_ID_DYLIB */,
				50511EBD2770E085003A1E9F /* Sources */,
				50511EBE2770E085003A1E9F /* Frameworks */,
				50511EBF2770E085003A1E9F /* Resources */,
				5592FEB42778D3CB00FA304B /* Fix Codesign (Runtime) */,
				503B819728391054006197C1 /* Embed Libraries */,
				07B529DA27D98CBF005B78BF /* Fix Install Rosetta Script Permissions */,
			);
			buildRules = (
			);
			dependencies = (
			);
			name = "XIV on Mac";
			packageProductDependencies = (
				507CFBF52781C780007ADEC9 /* ZIPFoundation */,
				502A18E027AABF8400144AB9 /* KeychainAccess */,
				50692C8827B3D13700945593 /* Sparkle */,
				50D30FA227B93359007A9F66 /* Embassy */,
				50DF1F8727CD261A00DE9DA5 /* OrderedCollections */,
				50B1C5B727D25620006DA54E /* SeeURL */,
				50DC355827E8B6AD00DBA62C /* AppMover */,
				50DC355D27E9CEEE00DBA62C /* Base32 */,
			);
			productName = "XIV on Mac";
			productReference = 50511EC12770E085003A1E9F /* XIV on Mac.app */;
			productType = "com.apple.product-type.application";
		};
/* End PBXNativeTarget section */

/* Begin PBXProject section */
		50511EB92770E085003A1E9F /* Project object */ = {
			isa = PBXProject;
			attributes = {
				BuildIndependentTargetsInParallel = 1;
				LastSwiftUpdateCheck = 1320;
				LastUpgradeCheck = 1340;
				TargetAttributes = {
					50511EC02770E085003A1E9F = {
						CreatedOnToolsVersion = 13.2;
						LastSwiftMigration = 1320;
					};
				};
			};
			buildConfigurationList = 50511EBC2770E085003A1E9F /* Build configuration list for PBXProject "XIV on Mac" */;
			compatibilityVersion = "Xcode 13.0";
			developmentRegion = en;
			hasScannedForEncodings = 0;
			knownRegions = (
				en,
				Base,
				ja,
			);
			mainGroup = 50511EB82770E085003A1E9F;
			packageReferences = (
				507CFBF42781C780007ADEC9 /* XCRemoteSwiftPackageReference "ZIPFoundation" */,
				502A18DF27AABF8400144AB9 /* XCRemoteSwiftPackageReference "KeychainAccess" */,
				50692C8727B3D13700945593 /* XCRemoteSwiftPackageReference "Sparkle" */,
				50D30FA127B93359007A9F66 /* XCRemoteSwiftPackageReference "Embassy" */,
				50DF1F8627CD261A00DE9DA5 /* XCRemoteSwiftPackageReference "swift-collections" */,
				50B1C5B627D25620006DA54E /* XCRemoteSwiftPackageReference "swift-seeurl" */,
				50DC355727E8B6AD00DBA62C /* XCRemoteSwiftPackageReference "AppMover" */,
				50DC355C27E9CEEE00DBA62C /* XCRemoteSwiftPackageReference "Base32" */,
			);
			productRefGroup = 50511EC22770E085003A1E9F /* Products */;
			projectDirPath = "";
			projectRoot = "";
			targets = (
				50511EC02770E085003A1E9F /* XIV on Mac */,
			);
		};
/* End PBXProject section */

/* Begin PBXResourcesBuildPhase section */
		50511EBF2770E085003A1E9F /* Resources */ = {
			isa = PBXResourcesBuildPhase;
			buildActionMask = 2147483647;
			files = (
				07A3499028056C7600A9D7D0 /* CfgCheckProblems.tiff in Resources */,
				5046F7EF27E74AC9006C34E1 /* discord_bridge.exe in Resources */,
				50DF45992795C53300E3D22F /* GShade in Resources */,
				07A3498C2805689200A9D7D0 /* CfgCheckProbFailed.tiff in Resources */,
				073649AD281E35C700DA41F7 /* PrefsGraphics.tiff in Resources */,
				07BF3AFB2806507800794155 /* CfgCheckAdvFixed.tiff in Resources */,
				50692C8B27B3E48B00945593 /* Credits.html in Resources */,
				50030AB927F303C300317496 /* MoltenVK in Resources */,
				07BF3AF728063A8600794155 /* CfgCheckProbFixed.tiff in Resources */,
				50511EC92770E087003A1E9F /* Assets.xcassets in Resources */,
				073649AF281E393000DA41F7 /* PrefsGeneral.tiff in Resources */,
				07BF3AFA2806507800794155 /* CfgCheckAdvFailed.tiff in Resources */,
				07B529D527D97D2B005B78BF /* Localizable.strings in Resources */,
				07B529D927D97F26005B78BF /* installRosetta.command in Resources */,
				07A3498B2805689200A9D7D0 /* CfgCheckGood.tiff in Resources */,
				07C876DD280B7DD500CB0D8E /* FFXIV-MacDefault.cfg in Resources */,
				507D8F2127766F52000F0CB0 /* dxvk in Resources */,
				50511ECC2770E087003A1E9F /* Main.storyboard in Resources */,
				5043E36C27728BA300E59127 /* wine in Resources */,
			);
			runOnlyForDeploymentPostprocessing = 0;
		};
/* End PBXResourcesBuildPhase section */

/* Begin PBXShellScriptBuildPhase section */
		07B529DA27D98CBF005B78BF /* Fix Install Rosetta Script Permissions */ = {
			isa = PBXShellScriptBuildPhase;
			alwaysOutOfDate = 1;
			buildActionMask = 2147483647;
			files = (
			);
			inputFileListPaths = (
			);
			inputPaths = (
			);
			name = "Fix Install Rosetta Script Permissions";
			outputFileListPaths = (
			);
			outputPaths = (
			);
			runOnlyForDeploymentPostprocessing = 0;
			shellPath = /bin/sh;
			shellScript = "# Type a script or drag a script file from your workspace to insert its path.\nchmod u+x \"${TARGET_BUILD_DIR}\"/\"${UNLOCALIZED_RESOURCES_FOLDER_PATH}\"/installRosetta.command\n";
		};
		5049B9AB283B8E1300463A2B /* Fix  XIVLauncher.NativeAOT LC_ID_DYLIB */ = {
			isa = PBXShellScriptBuildPhase;
			buildActionMask = 12;
			files = (
			);
			inputFileListPaths = (
			);
			inputPaths = (
			);
			name = "Fix  XIVLauncher.NativeAOT LC_ID_DYLIB";
			outputFileListPaths = (
			);
			outputPaths = (
			);
			runOnlyForDeploymentPostprocessing = 0;
			shellPath = /bin/sh;
			shellScript = "#!/bin/sh\n\ninstall_name_tool -id @executable_path/../Frameworks/XIVLauncher.NativeAOT.dylib \"$PROJECT_DIR\"/XIV\\ on\\ Mac/XIVLauncher.NativeAOT/XIVLauncher.NativeAOT.dylib\n#install_name_tool -id @executable_path/../Frameworks/libsteam_api64.dylib \"$PROJECT_DIR\"/XIV\\ on\\ Mac/XIVLauncher.NativeAOT/libsteam_api64.dylib\n";
		};
		5592FEB42778D3CB00FA304B /* Fix Codesign (Runtime) */ = {
			isa = PBXShellScriptBuildPhase;
			buildActionMask = 2147483647;
			files = (
			);
			inputFileListPaths = (
			);
			inputPaths = (
			);
			name = "Fix Codesign (Runtime)";
			outputFileListPaths = (
			);
			outputPaths = (
			);
			runOnlyForDeploymentPostprocessing = 0;
			shellPath = /bin/sh;
			shellScript = "#!/bin/sh\n\nif [ -z \"${CODE_SIGN_IDENTITY}\" ] ; then\n    echo \"CODE_SIGN_IDENTITY needs to be set!\"\n\n    if [ \"${CONFIGURATION}\" = \"Release\" ] ; then\n        exit 1\n    else\n        # Code-signing is optional for non-release builds.\n        exit 0\n    fi\nfi\n\nif [ -z \"${CODE_SIGN_ENTITLEMENTS}\" ] ; then\n    echo \"CODE_SIGN_ENTITLEMENTS needs to be set!\"\n\n    if [ \"${CONFIGURATION}\" = \"Release\" ] ; then\n        exit 1\n    else\n        exit 0\n    fi\nfi\n\nITEMS=\"\"\nWINE_DIR=\"${TARGET_BUILD_DIR}/${UNLOCALIZED_RESOURCES_FOLDER_PATH_SHALLOW_BUNDLE_NO}/wine/bin\"\n\nif [ -d \"$WINE_DIR\" ] ; then\n    WINE_ITEMS=$(find \"${WINE_DIR}\" -type f)\n    RESULT=$?\n    if [[ $RESULT != 0 ]] ; then\n        exit 1\n    fi\n\n    ITEMS=\"${WINE_ITEMS}\"\nfi\n\nCODE_SIGN_IDENTITY_FOR_ITEMS=\"${EXPANDED_CODE_SIGN_IDENTITY_NAME}\"\nif [ \"${CODE_SIGN_IDENTITY_FOR_ITEMS}\" = \"\" ] ; then\n    CODE_SIGN_IDENTITY_FOR_ITEMS=\"${CODE_SIGN_IDENTITY}\"\nfi\n\necho \"Found:\"\necho \"${ITEMS}\"\n\nOIFS=\"$IFS\"\nIFS=$'\\n'\n\nfor ITEM in $ITEMS;\ndo\n    echo \"Signing '${ITEM}'\"\n    codesign --force --verbose --sign \"${CODE_SIGN_IDENTITY_FOR_ITEMS}\" --entitlements \"${CODE_SIGN_ENTITLEMENTS}\" --options=runtime \"${ITEM}\"\n    RESULT=$?\n    if [[ $RESULT != 0 ]] ; then\n        echo \"Failure: '${ITEM}'.\"\n        IFS=$SAVED_IFS\n        exit 1\n    fi\ndone\n\nIFS=\"$OIFS\"\n";
		};
/* End PBXShellScriptBuildPhase section */

/* Begin PBXSourcesBuildPhase section */
		50511EBD2770E085003A1E9F /* Sources */ = {
			isa = PBXSourcesBuildPhase;
			buildActionMask = 2147483647;
			files = (
				2B7C95D2277C6C6000A3CA89 /* SocialIntegration.swift in Sources */,
				5015D4C92881EAF9004BA6D8 /* AddOn.swift in Sources */,
				5077A32C27C12A9100D4F1B8 /* Settings.swift in Sources */,
				073649A9281E189E00DA41F7 /* SettingsPluginsController.swift in Sources */,
				073649A7281E174400DA41F7 /* SettingsGraphicsController.swift in Sources */,
				50BD278727785418002B0D1F /* Notifications.swift in Sources */,
				509FE19A27E3654E008D56D6 /* FFXIVEnums.swift in Sources */,
				5010EFE427E4CE40001D2FEC /* Encryption.swift in Sources */,
				5020957927C9611A00BD76CC /* Patch.swift in Sources */,
				50E980DE2840A65000050151 /* RepairController.swift in Sources */,
				50FC2DFF27F974D300871760 /* DxvkStateCache.swift in Sources */,
				50DF1F8527CCB83300DE9DA5 /* FFXIVRepo.swift in Sources */,
				5015D4C528814047004BA6D8 /* IINACT.swift in Sources */,
				5049B9B0283BF89400463A2B /* LoginResult.swift in Sources */,
				507C600127CAA72000BA3CC2 /* PatchController.swift in Sources */,
				07AAF894283F3D08003C10FA /* PrefixMigrator.swift in Sources */,
				50BC73D327C2C3F3006269AC /* GShade.swift in Sources */,
				50F6CBAA27A975A000013301 /* Wine.swift in Sources */,
				505C0D9B277333920008A344 /* Util.swift in Sources */,
				50F4BD2427CFA70A00FB165D /* Dxvk.swift in Sources */,
				50511EC72770E085003A1E9F /* InstallerController.swift in Sources */,
				50D30FA027B92EDB007A9F66 /* OTP.swift in Sources */,
				073649AB281E18B600DA41F7 /* SettingsAdvancedController.swift in Sources */,
				50FC2E0127F9751600871760 /* DxvkError.swift in Sources */,
				5049B9AE283BAFE600463A2B /* Log.swift in Sources */,
				5015D4C72881E97C004BA6D8 /* BunnyHUD.swift in Sources */,
				50B2A2B527AC1BC400EFA0A2 /* LoginSheetController.swift in Sources */,
				079A343227FA59D90043BEEA /* FFXIVCFGEncoder.swift in Sources */,
				502A18E927AACEFE00144AB9 /* LaunchController.swift in Sources */,
				501956A327F04616003CB437 /* LaunchWindowController.swift in Sources */,
				502A18D827AA8C0D00144AB9 /* LoginCredentials.swift in Sources */,
				50E5387B2779CF5C0038521A /* SettingsController.swift in Sources */,
				073649A5281E16D100DA41F7 /* SettingsGeneralController.swift in Sources */,
				509FE19C27E39DCB008D56D6 /* FFXIVApp.swift in Sources */,
				079A343027F90F350043BEEA /* FirstAidController.swift in Sources */,
				50BC73CF27C2BEAF006269AC /* ACT.swift in Sources */,
				509252E2287243FF00B00584 /* Anamnesis.swift in Sources */,
				07A3498E28056A2800A9D7D0 /* FirstAidTableCellView.swift in Sources */,
				50511EC52770E085003A1E9F /* AppDelegate.swift in Sources */,
				50ED0DB32773C619002E9854 /* Dotnet.swift in Sources */,
				07FC7C2E28001EDA009A6FE0 /* FFXIVCFGCheckup.swift in Sources */,
				507607A127B149F600DDF3E6 /* Frontier.swift in Sources */,
				50ED0DB52773CA8C002E9854 /* Networking.swift in Sources */,
			);
			runOnlyForDeploymentPostprocessing = 0;
		};
/* End PBXSourcesBuildPhase section */

/* Begin PBXVariantGroup section */
		07B529D727D97D2B005B78BF /* Localizable.strings */ = {
			isa = PBXVariantGroup;
			children = (
				07B529D627D97D2B005B78BF /* en */,
				FC2A071A289A5E4300C25C34 /* ja */,
			);
			name = Localizable.strings;
			sourceTree = "<group>";
		};
		50511ECA2770E087003A1E9F /* Main.storyboard */ = {
			isa = PBXVariantGroup;
			children = (
				50511ECB2770E087003A1E9F /* Base */,
				FC2A0719289A5E4300C25C34 /* ja */,
				504DF38B28C2BEA000535ED4 /* en */,
			);
			name = Main.storyboard;
			sourceTree = "<group>";
		};
/* End PBXVariantGroup section */

/* Begin XCBuildConfiguration section */
		50511ECE2770E087003A1E9F /* Debug */ = {
			isa = XCBuildConfiguration;
			buildSettings = {
				ALWAYS_SEARCH_USER_PATHS = NO;
				ARCHS = x86_64;
				BUILD_LIBRARY_FOR_DISTRIBUTION = NO;
				CLANG_ANALYZER_LOCALIZABILITY_NONLOCALIZED = YES;
				CLANG_ANALYZER_NONNULL = YES;
				CLANG_ANALYZER_NUMBER_OBJECT_CONVERSION = YES_AGGRESSIVE;
				CLANG_CXX_LANGUAGE_STANDARD = "gnu++17";
				CLANG_CXX_LIBRARY = "libc++";
				CLANG_ENABLE_MODULES = YES;
				CLANG_ENABLE_OBJC_ARC = YES;
				CLANG_ENABLE_OBJC_WEAK = YES;
				CLANG_WARN_BLOCK_CAPTURE_AUTORELEASING = YES;
				CLANG_WARN_BOOL_CONVERSION = YES;
				CLANG_WARN_COMMA = YES;
				CLANG_WARN_CONSTANT_CONVERSION = YES;
				CLANG_WARN_DEPRECATED_OBJC_IMPLEMENTATIONS = YES;
				CLANG_WARN_DIRECT_OBJC_ISA_USAGE = YES_ERROR;
				CLANG_WARN_DOCUMENTATION_COMMENTS = YES;
				CLANG_WARN_EMPTY_BODY = YES;
				CLANG_WARN_ENUM_CONVERSION = YES;
				CLANG_WARN_INFINITE_RECURSION = YES;
				CLANG_WARN_INT_CONVERSION = YES;
				CLANG_WARN_NON_LITERAL_NULL_CONVERSION = YES;
				CLANG_WARN_OBJC_IMPLICIT_RETAIN_SELF = YES;
				CLANG_WARN_OBJC_LITERAL_CONVERSION = YES;
				CLANG_WARN_OBJC_ROOT_CLASS = YES_ERROR;
				CLANG_WARN_QUOTED_INCLUDE_IN_FRAMEWORK_HEADER = YES;
				CLANG_WARN_RANGE_LOOP_ANALYSIS = YES;
				CLANG_WARN_STRICT_PROTOTYPES = YES;
				CLANG_WARN_SUSPICIOUS_MOVE = YES;
				CLANG_WARN_UNGUARDED_AVAILABILITY = YES_AGGRESSIVE;
				CLANG_WARN_UNREACHABLE_CODE = YES;
				CLANG_WARN__DUPLICATE_METHOD_MATCH = YES;
				COPY_PHASE_STRIP = NO;
				DEBUG_INFORMATION_FORMAT = dwarf;
				ENABLE_STRICT_OBJC_MSGSEND = YES;
				ENABLE_TESTABILITY = YES;
				GCC_C_LANGUAGE_STANDARD = gnu11;
				GCC_DYNAMIC_NO_PIC = NO;
				GCC_NO_COMMON_BLOCKS = YES;
				GCC_OPTIMIZATION_LEVEL = 0;
				GCC_PREPROCESSOR_DEFINITIONS = (
					"DEBUG=1",
					"$(inherited)",
				);
				GCC_WARN_64_TO_32_BIT_CONVERSION = YES;
				GCC_WARN_ABOUT_RETURN_TYPE = YES_ERROR;
				GCC_WARN_UNDECLARED_SELECTOR = YES;
				GCC_WARN_UNINITIALIZED_AUTOS = YES_AGGRESSIVE;
				GCC_WARN_UNUSED_FUNCTION = YES;
				GCC_WARN_UNUSED_VARIABLE = YES;
				MACOSX_DEPLOYMENT_TARGET = 12.0;
				MTL_ENABLE_DEBUG_INFO = INCLUDE_SOURCE;
				MTL_FAST_MATH = YES;
				ONLY_ACTIVE_ARCH = YES;
				OTHER_CODE_SIGN_FLAGS = "--deep";
				SDKROOT = macosx;
				SWIFT_ACTIVE_COMPILATION_CONDITIONS = DEBUG;
				SWIFT_OPTIMIZATION_LEVEL = "-Onone";
			};
			name = Debug;
		};
		50511ECF2770E087003A1E9F /* Release */ = {
			isa = XCBuildConfiguration;
			buildSettings = {
				ALWAYS_SEARCH_USER_PATHS = NO;
				ARCHS = x86_64;
				BUILD_LIBRARY_FOR_DISTRIBUTION = NO;
				CLANG_ANALYZER_LOCALIZABILITY_NONLOCALIZED = YES;
				CLANG_ANALYZER_NONNULL = YES;
				CLANG_ANALYZER_NUMBER_OBJECT_CONVERSION = YES_AGGRESSIVE;
				CLANG_CXX_LANGUAGE_STANDARD = "gnu++17";
				CLANG_CXX_LIBRARY = "libc++";
				CLANG_ENABLE_MODULES = YES;
				CLANG_ENABLE_OBJC_ARC = YES;
				CLANG_ENABLE_OBJC_WEAK = YES;
				CLANG_WARN_BLOCK_CAPTURE_AUTORELEASING = YES;
				CLANG_WARN_BOOL_CONVERSION = YES;
				CLANG_WARN_COMMA = YES;
				CLANG_WARN_CONSTANT_CONVERSION = YES;
				CLANG_WARN_DEPRECATED_OBJC_IMPLEMENTATIONS = YES;
				CLANG_WARN_DIRECT_OBJC_ISA_USAGE = YES_ERROR;
				CLANG_WARN_DOCUMENTATION_COMMENTS = YES;
				CLANG_WARN_EMPTY_BODY = YES;
				CLANG_WARN_ENUM_CONVERSION = YES;
				CLANG_WARN_INFINITE_RECURSION = YES;
				CLANG_WARN_INT_CONVERSION = YES;
				CLANG_WARN_NON_LITERAL_NULL_CONVERSION = YES;
				CLANG_WARN_OBJC_IMPLICIT_RETAIN_SELF = YES;
				CLANG_WARN_OBJC_LITERAL_CONVERSION = YES;
				CLANG_WARN_OBJC_ROOT_CLASS = YES_ERROR;
				CLANG_WARN_QUOTED_INCLUDE_IN_FRAMEWORK_HEADER = YES;
				CLANG_WARN_RANGE_LOOP_ANALYSIS = YES;
				CLANG_WARN_STRICT_PROTOTYPES = YES;
				CLANG_WARN_SUSPICIOUS_MOVE = YES;
				CLANG_WARN_UNGUARDED_AVAILABILITY = YES_AGGRESSIVE;
				CLANG_WARN_UNREACHABLE_CODE = YES;
				CLANG_WARN__DUPLICATE_METHOD_MATCH = YES;
				COPY_PHASE_STRIP = NO;
				DEBUG_INFORMATION_FORMAT = "dwarf-with-dsym";
				ENABLE_NS_ASSERTIONS = NO;
				ENABLE_STRICT_OBJC_MSGSEND = YES;
				GCC_C_LANGUAGE_STANDARD = gnu11;
				GCC_NO_COMMON_BLOCKS = YES;
				GCC_WARN_64_TO_32_BIT_CONVERSION = YES;
				GCC_WARN_ABOUT_RETURN_TYPE = YES_ERROR;
				GCC_WARN_UNDECLARED_SELECTOR = YES;
				GCC_WARN_UNINITIALIZED_AUTOS = YES_AGGRESSIVE;
				GCC_WARN_UNUSED_FUNCTION = YES;
				GCC_WARN_UNUSED_VARIABLE = YES;
				MACOSX_DEPLOYMENT_TARGET = 12.0;
				MTL_ENABLE_DEBUG_INFO = NO;
				MTL_FAST_MATH = YES;
				OTHER_CODE_SIGN_FLAGS = "--deep";
				SDKROOT = macosx;
				SWIFT_COMPILATION_MODE = wholemodule;
				SWIFT_OPTIMIZATION_LEVEL = "-O";
			};
			name = Release;
		};
		50511ED12770E087003A1E9F /* Debug */ = {
			isa = XCBuildConfiguration;
			buildSettings = {
				ASSETCATALOG_COMPILER_APPICON_NAME = AppIcon;
				ASSETCATALOG_COMPILER_GLOBAL_ACCENT_COLOR_NAME = AccentColor;
				CLANG_ENABLE_MODULES = YES;
				CODE_SIGN_ENTITLEMENTS = "XIV on Mac/XIV_on_Mac.entitlements";
				CODE_SIGN_IDENTITY = "Apple Development";
				CODE_SIGN_STYLE = Automatic;
				COMBINE_HIDPI_IMAGES = YES;
				CURRENT_PROJECT_VERSION = 88;
				DEVELOPMENT_TEAM = TQJJTJ6364;
				ENABLE_HARDENED_RUNTIME = YES;
				GENERATE_INFOPLIST_FILE = YES;
				INFOPLIST_FILE = "XIV-on-Mac-Info.plist";
				INFOPLIST_KEY_LSApplicationCategoryType = "public.app-category.role-playing-games";
				INFOPLIST_KEY_NSHumanReadableCopyright = "";
				INFOPLIST_KEY_NSMainStoryboardFile = Main;
				INFOPLIST_KEY_NSPrincipalClass = NSApplication;
				LD_RUNPATH_SEARCH_PATHS = (
					"$(inherited)",
					"@executable_path/../Frameworks",
					"@loader_path/../Frameworks",
				);
				LIBRARY_SEARCH_PATHS = (
					"$(inherited)",
					"$(PROJECT_DIR)/XIV\\ on\\ Mac/wine/lib",
					"$(PROJECT_DIR)/XIV\\ on\\ Mac/MoltenVK/stable",
					"$(PROJECT_DIR)/XIV\\ on\\ Mac/MoltenVK/modern",
					"$(PROJECT_DIR)/XIV\\ on\\ Mac/XIVLauncher.NativeAOT",
				);
				MACOSX_DEPLOYMENT_TARGET = 11.0;
				MARKETING_VERSION = 4.1.11;
				OTHER_CODE_SIGN_FLAGS = "--deep";
				PRODUCT_BUNDLE_IDENTIFIER = "dezent.XIV-on-Mac";
				PRODUCT_NAME = "$(TARGET_NAME)";
				PROVISIONING_PROFILE_SPECIFIER = "";
				SWIFT_EMIT_LOC_STRINGS = YES;
				SWIFT_INCLUDE_PATHS = "$(PROJECT_DIR)/XIV\\ on\\ Mac/XIVLauncher.NativeAOT";
				SWIFT_OBJC_BRIDGING_HEADER = "";
				SWIFT_OPTIMIZATION_LEVEL = "-Onone";
				SWIFT_VERSION = 5.0;
				VERSIONING_SYSTEM = "";
			};
			name = Debug;
		};
		50511ED22770E087003A1E9F /* Release */ = {
			isa = XCBuildConfiguration;
			buildSettings = {
				ASSETCATALOG_COMPILER_APPICON_NAME = AppIcon;
				ASSETCATALOG_COMPILER_GLOBAL_ACCENT_COLOR_NAME = AccentColor;
				CLANG_ENABLE_MODULES = YES;
				CODE_SIGN_ENTITLEMENTS = "XIV on Mac/XIV_on_Mac.entitlements";
				CODE_SIGN_IDENTITY = "Apple Development";
				CODE_SIGN_STYLE = Automatic;
				COMBINE_HIDPI_IMAGES = YES;
				CURRENT_PROJECT_VERSION = 88;
				DEVELOPMENT_TEAM = TQJJTJ6364;
				ENABLE_HARDENED_RUNTIME = YES;
				GENERATE_INFOPLIST_FILE = YES;
				INFOPLIST_FILE = "XIV-on-Mac-Info.plist";
				INFOPLIST_KEY_LSApplicationCategoryType = "public.app-category.role-playing-games";
				INFOPLIST_KEY_NSHumanReadableCopyright = "";
				INFOPLIST_KEY_NSMainStoryboardFile = Main;
				INFOPLIST_KEY_NSPrincipalClass = NSApplication;
				LD_RUNPATH_SEARCH_PATHS = (
					"$(inherited)",
					"@executable_path/../Frameworks",
					"@loader_path/../Frameworks",
				);
				LIBRARY_SEARCH_PATHS = (
					"$(inherited)",
					"$(PROJECT_DIR)/XIV\\ on\\ Mac/wine/lib",
					"$(PROJECT_DIR)/XIV\\ on\\ Mac/MoltenVK/stable",
					"$(PROJECT_DIR)/XIV\\ on\\ Mac/MoltenVK/modern",
					"$(PROJECT_DIR)/XIV\\ on\\ Mac/XIVLauncher.NativeAOT",
				);
				MACOSX_DEPLOYMENT_TARGET = 11.0;
				MARKETING_VERSION = 4.1.11;
				OTHER_CODE_SIGN_FLAGS = "--deep";
				PRODUCT_BUNDLE_IDENTIFIER = "dezent.XIV-on-Mac";
				PRODUCT_NAME = "$(TARGET_NAME)";
				PROVISIONING_PROFILE_SPECIFIER = "";
				SWIFT_EMIT_LOC_STRINGS = YES;
				SWIFT_INCLUDE_PATHS = "$(PROJECT_DIR)/XIV\\ on\\ Mac/XIVLauncher.NativeAOT";
				SWIFT_OBJC_BRIDGING_HEADER = "";
				SWIFT_VERSION = 5.0;
				VERSIONING_SYSTEM = "";
			};
			name = Release;
		};
/* End XCBuildConfiguration section */

/* Begin XCConfigurationList section */
		50511EBC2770E085003A1E9F /* Build configuration list for PBXProject "XIV on Mac" */ = {
			isa = XCConfigurationList;
			buildConfigurations = (
				50511ECE2770E087003A1E9F /* Debug */,
				50511ECF2770E087003A1E9F /* Release */,
			);
			defaultConfigurationIsVisible = 0;
			defaultConfigurationName = Release;
		};
		50511ED02770E087003A1E9F /* Build configuration list for PBXNativeTarget "XIV on Mac" */ = {
			isa = XCConfigurationList;
			buildConfigurations = (
				50511ED12770E087003A1E9F /* Debug */,
				50511ED22770E087003A1E9F /* Release */,
			);
			defaultConfigurationIsVisible = 0;
			defaultConfigurationName = Release;
		};
/* End XCConfigurationList section */

/* Begin XCRemoteSwiftPackageReference section */
		502A18DF27AABF8400144AB9 /* XCRemoteSwiftPackageReference "KeychainAccess" */ = {
			isa = XCRemoteSwiftPackageReference;
			repositoryURL = "https://github.com/kishikawakatsumi/KeychainAccess";
			requirement = {
				branch = master;
				kind = branch;
			};
		};
		50692C8727B3D13700945593 /* XCRemoteSwiftPackageReference "Sparkle" */ = {
			isa = XCRemoteSwiftPackageReference;
			repositoryURL = "https://github.com/sparkle-project/Sparkle";
			requirement = {
				kind = upToNextMajorVersion;
				minimumVersion = 2.0.0;
			};
		};
		507CFBF42781C780007ADEC9 /* XCRemoteSwiftPackageReference "ZIPFoundation" */ = {
			isa = XCRemoteSwiftPackageReference;
			repositoryURL = "https://github.com/weichsel/ZIPFoundation.git";
			requirement = {
				kind = upToNextMajorVersion;
				minimumVersion = 0.9.9;
			};
		};
		50B1C5B627D25620006DA54E /* XCRemoteSwiftPackageReference "swift-seeurl" */ = {
			isa = XCRemoteSwiftPackageReference;
			repositoryURL = "https://github.com/marzent/swift-seeurl.git";
			requirement = {
				branch = master;
				kind = branch;
			};
		};
		50D30FA127B93359007A9F66 /* XCRemoteSwiftPackageReference "Embassy" */ = {
			isa = XCRemoteSwiftPackageReference;
			repositoryURL = "https://github.com/envoy/Embassy.git";
			requirement = {
				kind = upToNextMajorVersion;
				minimumVersion = 4.0.0;
			};
		};
		50DC355727E8B6AD00DBA62C /* XCRemoteSwiftPackageReference "AppMover" */ = {
			isa = XCRemoteSwiftPackageReference;
			repositoryURL = "https://github.com/iamcalledrob/AppMover";
			requirement = {
				branch = master;
				kind = branch;
			};
		};
		50DC355C27E9CEEE00DBA62C /* XCRemoteSwiftPackageReference "Base32" */ = {
			isa = XCRemoteSwiftPackageReference;
			repositoryURL = "https://github.com/norio-nomura/Base32";
			requirement = {
				kind = upToNextMajorVersion;
				minimumVersion = 0.9.0;
			};
		};
		50DF1F8627CD261A00DE9DA5 /* XCRemoteSwiftPackageReference "swift-collections" */ = {
			isa = XCRemoteSwiftPackageReference;
			repositoryURL = "https://github.com/apple/swift-collections.git";
			requirement = {
				kind = upToNextMajorVersion;
				minimumVersion = 1.0.0;
			};
		};
/* End XCRemoteSwiftPackageReference section */

/* Begin XCSwiftPackageProductDependency section */
		502A18E027AABF8400144AB9 /* KeychainAccess */ = {
			isa = XCSwiftPackageProductDependency;
			package = 502A18DF27AABF8400144AB9 /* XCRemoteSwiftPackageReference "KeychainAccess" */;
			productName = KeychainAccess;
		};
		50692C8827B3D13700945593 /* Sparkle */ = {
			isa = XCSwiftPackageProductDependency;
			package = 50692C8727B3D13700945593 /* XCRemoteSwiftPackageReference "Sparkle" */;
			productName = Sparkle;
		};
		507CFBF52781C780007ADEC9 /* ZIPFoundation */ = {
			isa = XCSwiftPackageProductDependency;
			package = 507CFBF42781C780007ADEC9 /* XCRemoteSwiftPackageReference "ZIPFoundation" */;
			productName = ZIPFoundation;
		};
		50B1C5B727D25620006DA54E /* SeeURL */ = {
			isa = XCSwiftPackageProductDependency;
			package = 50B1C5B627D25620006DA54E /* XCRemoteSwiftPackageReference "swift-seeurl" */;
			productName = SeeURL;
		};
		50D30FA227B93359007A9F66 /* Embassy */ = {
			isa = XCSwiftPackageProductDependency;
			package = 50D30FA127B93359007A9F66 /* XCRemoteSwiftPackageReference "Embassy" */;
			productName = Embassy;
		};
		50DC355827E8B6AD00DBA62C /* AppMover */ = {
			isa = XCSwiftPackageProductDependency;
			package = 50DC355727E8B6AD00DBA62C /* XCRemoteSwiftPackageReference "AppMover" */;
			productName = AppMover;
		};
		50DC355D27E9CEEE00DBA62C /* Base32 */ = {
			isa = XCSwiftPackageProductDependency;
			package = 50DC355C27E9CEEE00DBA62C /* XCRemoteSwiftPackageReference "Base32" */;
			productName = Base32;
		};
		50DF1F8727CD261A00DE9DA5 /* OrderedCollections */ = {
			isa = XCSwiftPackageProductDependency;
			package = 50DF1F8627CD261A00DE9DA5 /* XCRemoteSwiftPackageReference "swift-collections" */;
			productName = OrderedCollections;
		};
/* End XCSwiftPackageProductDependency section */
	};
	rootObject = 50511EB92770E085003A1E9F /* Project object */;
}
