// !$*UTF8*$!
{
	archiveVersion = 1;
	classes = {
	};
	objectVersion = 55;
	objects = {

/* Begin PBXBuildFile section */
		2B7159B7277C526000945A24 /* Socket in Frameworks */ = {isa = PBXBuildFile; productRef = 2B7159B6277C526000945A24 /* Socket */; };
		2B7159BA277C529300945A24 /* SwordRPC in Frameworks */ = {isa = PBXBuildFile; productRef = 2B7159B9277C529300945A24 /* SwordRPC */; };
		2B7C95D2277C6C6000A3CA89 /* SocialIntegration.swift in Sources */ = {isa = PBXBuildFile; fileRef = 2B7C95D1277C6C6000A3CA89 /* SocialIntegration.swift */; };
		5043E36C27728BA300E59127 /* wine in Resources */ = {isa = PBXBuildFile; fileRef = 5043E36B27728BA300E59127 /* wine */; };
		50511EC52770E085003A1E9F /* AppDelegate.swift in Sources */ = {isa = PBXBuildFile; fileRef = 50511EC42770E085003A1E9F /* AppDelegate.swift */; };
		50511EC72770E085003A1E9F /* InstallerController.swift in Sources */ = {isa = PBXBuildFile; fileRef = 50511EC62770E085003A1E9F /* InstallerController.swift */; };
		50511EC92770E087003A1E9F /* Assets.xcassets in Resources */ = {isa = PBXBuildFile; fileRef = 50511EC82770E087003A1E9F /* Assets.xcassets */; };
		50511ECC2770E087003A1E9F /* Main.storyboard in Resources */ = {isa = PBXBuildFile; fileRef = 50511ECA2770E087003A1E9F /* Main.storyboard */; };
		505C0D9B277333920008A344 /* Util.swift in Sources */ = {isa = PBXBuildFile; fileRef = 505C0D9A277333920008A344 /* Util.swift */; };
		507CFBF62781C780007ADEC9 /* ZIPFoundation in Frameworks */ = {isa = PBXBuildFile; productRef = 507CFBF52781C780007ADEC9 /* ZIPFoundation */; };
		507D8F2127766F52000F0CB0 /* dxvk in Resources */ = {isa = PBXBuildFile; fileRef = 507D8F2027766F52000F0CB0 /* dxvk */; };
		50BD278727785418002B0D1F /* Notifications.swift in Sources */ = {isa = PBXBuildFile; fileRef = 50BD278627785418002B0D1F /* Notifications.swift */; };
		50E5387B2779CF5C0038521A /* SettingsController.swift in Sources */ = {isa = PBXBuildFile; fileRef = 50E5387A2779CF5C0038521A /* SettingsController.swift */; };
		50ED0DB32773C619002E9854 /* Setup.swift in Sources */ = {isa = PBXBuildFile; fileRef = 50ED0DB22773C619002E9854 /* Setup.swift */; };
		50ED0DB52773CA8C002E9854 /* FileDownloader.swift in Sources */ = {isa = PBXBuildFile; fileRef = 50ED0DB42773CA8C002E9854 /* FileDownloader.swift */; };
/* End PBXBuildFile section */

/* Begin PBXFileReference section */
		2B7C95D1277C6C6000A3CA89 /* SocialIntegration.swift */ = {isa = PBXFileReference; lastKnownFileType = sourcecode.swift; path = SocialIntegration.swift; sourceTree = "<group>"; };
		5043E36B27728BA300E59127 /* wine */ = {isa = PBXFileReference; lastKnownFileType = folder; path = wine; sourceTree = "<group>"; };
		50511EC12770E085003A1E9F /* XIV on Mac.app */ = {isa = PBXFileReference; explicitFileType = wrapper.application; includeInIndex = 0; path = "XIV on Mac.app"; sourceTree = BUILT_PRODUCTS_DIR; };
		50511EC42770E085003A1E9F /* AppDelegate.swift */ = {isa = PBXFileReference; lastKnownFileType = sourcecode.swift; path = AppDelegate.swift; sourceTree = "<group>"; };
		50511EC62770E085003A1E9F /* InstallerController.swift */ = {isa = PBXFileReference; lastKnownFileType = sourcecode.swift; path = InstallerController.swift; sourceTree = "<group>"; };
		50511EC82770E087003A1E9F /* Assets.xcassets */ = {isa = PBXFileReference; lastKnownFileType = folder.assetcatalog; path = Assets.xcassets; sourceTree = "<group>"; };
		50511ECB2770E087003A1E9F /* Base */ = {isa = PBXFileReference; lastKnownFileType = file.storyboard; name = Base; path = Base.lproj/Main.storyboard; sourceTree = "<group>"; };
		50511ECD2770E087003A1E9F /* XIV_on_Mac.entitlements */ = {isa = PBXFileReference; lastKnownFileType = text.plist.entitlements; path = XIV_on_Mac.entitlements; sourceTree = "<group>"; };
		505C0D9A277333920008A344 /* Util.swift */ = {isa = PBXFileReference; lastKnownFileType = sourcecode.swift; path = Util.swift; sourceTree = "<group>"; };
		507D8F2027766F52000F0CB0 /* dxvk */ = {isa = PBXFileReference; lastKnownFileType = folder; path = dxvk; sourceTree = "<group>"; };
		50BD278627785418002B0D1F /* Notifications.swift */ = {isa = PBXFileReference; lastKnownFileType = sourcecode.swift; path = Notifications.swift; sourceTree = "<group>"; };
		50E5387A2779CF5C0038521A /* SettingsController.swift */ = {isa = PBXFileReference; lastKnownFileType = sourcecode.swift; path = SettingsController.swift; sourceTree = "<group>"; };
		50ED0DB22773C619002E9854 /* Setup.swift */ = {isa = PBXFileReference; lastKnownFileType = sourcecode.swift; path = Setup.swift; sourceTree = "<group>"; };
		50ED0DB42773CA8C002E9854 /* FileDownloader.swift */ = {isa = PBXFileReference; lastKnownFileType = sourcecode.swift; path = FileDownloader.swift; sourceTree = "<group>"; };
/* End PBXFileReference section */

/* Begin PBXFrameworksBuildPhase section */
		50511EBE2770E085003A1E9F /* Frameworks */ = {
			isa = PBXFrameworksBuildPhase;
			buildActionMask = 2147483647;
			files = (
				2B7159BA277C529300945A24 /* SwordRPC in Frameworks */,
				2B7159B7277C526000945A24 /* Socket in Frameworks */,
				507CFBF62781C780007ADEC9 /* ZIPFoundation in Frameworks */,
			);
			runOnlyForDeploymentPostprocessing = 0;
		};
/* End PBXFrameworksBuildPhase section */

/* Begin PBXGroup section */
		50511EB82770E085003A1E9F = {
			isa = PBXGroup;
			children = (
				50511EC32770E085003A1E9F /* XIV on Mac */,
				50511EC22770E085003A1E9F /* Products */,
			);
			sourceTree = "<group>";
		};
		50511EC22770E085003A1E9F /* Products */ = {
			isa = PBXGroup;
			children = (
				50511EC12770E085003A1E9F /* XIV on Mac.app */,
			);
			name = Products;
			sourceTree = "<group>";
		};
		50511EC32770E085003A1E9F /* XIV on Mac */ = {
			isa = PBXGroup;
			children = (
				505C0D9A277333920008A344 /* Util.swift */,
				50511EC42770E085003A1E9F /* AppDelegate.swift */,
				50511EC62770E085003A1E9F /* InstallerController.swift */,
				50E5387A2779CF5C0038521A /* SettingsController.swift */,
				50ED0DB22773C619002E9854 /* Setup.swift */,
				50BD278627785418002B0D1F /* Notifications.swift */,
				50ED0DB42773CA8C002E9854 /* FileDownloader.swift */,
				2B7C95D1277C6C6000A3CA89 /* SocialIntegration.swift */,
				50511EC82770E087003A1E9F /* Assets.xcassets */,
				50511ECA2770E087003A1E9F /* Main.storyboard */,
				50511ECD2770E087003A1E9F /* XIV_on_Mac.entitlements */,
				507D8F2027766F52000F0CB0 /* dxvk */,
				5043E36B27728BA300E59127 /* wine */,
			);
			path = "XIV on Mac";
			sourceTree = "<group>";
		};
/* End PBXGroup section */

/* Begin PBXNativeTarget section */
		50511EC02770E085003A1E9F /* XIV on Mac */ = {
			isa = PBXNativeTarget;
			buildConfigurationList = 50511ED02770E087003A1E9F /* Build configuration list for PBXNativeTarget "XIV on Mac" */;
			buildPhases = (
				50511EBD2770E085003A1E9F /* Sources */,
				50511EBE2770E085003A1E9F /* Frameworks */,
				50511EBF2770E085003A1E9F /* Resources */,
				5592FEB42778D3CB00FA304B /* Fix Codesign (Runtime) */,
			);
			buildRules = (
			);
			dependencies = (
			);
			name = "XIV on Mac";
			packageProductDependencies = (
				2B7159B6277C526000945A24 /* Socket */,
				2B7159B9277C529300945A24 /* SwordRPC */,
				507CFBF52781C780007ADEC9 /* ZIPFoundation */,
			);
			productName = "XIV on Mac";
			productReference = 50511EC12770E085003A1E9F /* XIV on Mac.app */;
			productType = "com.apple.product-type.application";
		};
/* End PBXNativeTarget section */

/* Begin PBXProject section */
		50511EB92770E085003A1E9F /* Project object */ = {
			isa = PBXProject;
			attributes = {
				BuildIndependentTargetsInParallel = 1;
				LastSwiftUpdateCheck = 1320;
				LastUpgradeCheck = 1320;
				TargetAttributes = {
					50511EC02770E085003A1E9F = {
						CreatedOnToolsVersion = 13.2;
					};
				};
			};
			buildConfigurationList = 50511EBC2770E085003A1E9F /* Build configuration list for PBXProject "XIV on Mac" */;
			compatibilityVersion = "Xcode 13.0";
			developmentRegion = en;
			hasScannedForEncodings = 0;
			knownRegions = (
				en,
				Base,
			);
			mainGroup = 50511EB82770E085003A1E9F;
			packageReferences = (
				2B7159B5277C526000945A24 /* XCRemoteSwiftPackageReference "BlueSocket" */,
				2B7159B8277C529300945A24 /* XCRemoteSwiftPackageReference "SwordRPC" */,
				507CFBF42781C780007ADEC9 /* XCRemoteSwiftPackageReference "ZIPFoundation" */,
			);
			productRefGroup = 50511EC22770E085003A1E9F /* Products */;
			projectDirPath = "";
			projectRoot = "";
			targets = (
				50511EC02770E085003A1E9F /* XIV on Mac */,
			);
		};
/* End PBXProject section */

/* Begin PBXResourcesBuildPhase section */
		50511EBF2770E085003A1E9F /* Resources */ = {
			isa = PBXResourcesBuildPhase;
			buildActionMask = 2147483647;
			files = (
				50511EC92770E087003A1E9F /* Assets.xcassets in Resources */,
				507D8F2127766F52000F0CB0 /* dxvk in Resources */,
				50511ECC2770E087003A1E9F /* Main.storyboard in Resources */,
				5043E36C27728BA300E59127 /* wine in Resources */,
			);
			runOnlyForDeploymentPostprocessing = 0;
		};
/* End PBXResourcesBuildPhase section */

/* Begin PBXShellScriptBuildPhase section */
		5592FEB42778D3CB00FA304B /* Fix Codesign (Runtime) */ = {
			isa = PBXShellScriptBuildPhase;
			buildActionMask = 2147483647;
			files = (
			);
			inputFileListPaths = (
			);
			inputPaths = (
			);
			name = "Fix Codesign (Runtime)";
			outputFileListPaths = (
			);
			outputPaths = (
			);
			runOnlyForDeploymentPostprocessing = 0;
			shellPath = /bin/sh;
			shellScript = "#!/bin/sh\n\nif [ -z \"${CODE_SIGN_IDENTITY}\" ] ; then\n    echo \"CODE_SIGN_IDENTITY needs to be set!\"\n\n    if [ \"${CONFIGURATION}\" = \"Release\" ] ; then\n        exit 1\n    else\n        # Code-signing is optional for non-release builds.\n        exit 0\n    fi\nfi\n\nif [ -z \"${CODE_SIGN_ENTITLEMENTS}\" ] ; then\n    echo \"CODE_SIGN_ENTITLEMENTS needs to be set!\"\n\n    if [ \"${CONFIGURATION}\" = \"Release\" ] ; then\n        exit 1\n    else\n        exit 0\n    fi\nfi\n\nITEMS=\"\"\nWINE_DIR=\"${TARGET_BUILD_DIR}/${UNLOCALIZED_RESOURCES_FOLDER_PATH_SHALLOW_BUNDLE_NO}/wine/bin\"\n\nif [ -d \"$WINE_DIR\" ] ; then\n    WINE_ITEMS=$(find \"${WINE_DIR}\" -type f)\n    RESULT=$?\n    if [[ $RESULT != 0 ]] ; then\n        exit 1\n    fi\n\n    ITEMS=\"${WINE_ITEMS}\"\nfi\n\nCODE_SIGN_IDENTITY_FOR_ITEMS=\"${EXPANDED_CODE_SIGN_IDENTITY_NAME}\"\nif [ \"${CODE_SIGN_IDENTITY_FOR_ITEMS}\" = \"\" ] ; then\n    CODE_SIGN_IDENTITY_FOR_ITEMS=\"${CODE_SIGN_IDENTITY}\"\nfi\n\necho \"Found:\"\necho \"${ITEMS}\"\n\nOIFS=\"$IFS\"\nIFS=$'\\n'\n\nfor ITEM in $ITEMS;\ndo\n    echo \"Signing '${ITEM}'\"\n    codesign --force --verbose --sign \"${CODE_SIGN_IDENTITY_FOR_ITEMS}\" --entitlements \"${CODE_SIGN_ENTITLEMENTS}\" --options=runtime \"${ITEM}\"\n    RESULT=$?\n    if [[ $RESULT != 0 ]] ; then\n        echo \"Failure: '${ITEM}'.\"\n        IFS=$SAVED_IFS\n        exit 1\n    fi\ndone\n\nIFS=\"$OIFS\"\n";
		};
/* End PBXShellScriptBuildPhase section */

/* Begin PBXSourcesBuildPhase section */
		50511EBD2770E085003A1E9F /* Sources */ = {
			isa = PBXSourcesBuildPhase;
			buildActionMask = 2147483647;
			files = (
				2B7C95D2277C6C6000A3CA89 /* SocialIntegration.swift in Sources */,
				50BD278727785418002B0D1F /* Notifications.swift in Sources */,
				505C0D9B277333920008A344 /* Util.swift in Sources */,
				50511EC72770E085003A1E9F /* InstallerController.swift in Sources */,
				50E5387B2779CF5C0038521A /* SettingsController.swift in Sources */,
				50511EC52770E085003A1E9F /* AppDelegate.swift in Sources */,
				50ED0DB32773C619002E9854 /* Setup.swift in Sources */,
				50ED0DB52773CA8C002E9854 /* FileDownloader.swift in Sources */,
			);
			runOnlyForDeploymentPostprocessing = 0;
		};
/* End PBXSourcesBuildPhase section */

/* Begin PBXVariantGroup section */
		50511ECA2770E087003A1E9F /* Main.storyboard */ = {
			isa = PBXVariantGroup;
			children = (
				50511ECB2770E087003A1E9F /* Base */,
			);
			name = Main.storyboard;
			sourceTree = "<group>";
		};
/* End PBXVariantGroup section */

/* Begin XCBuildConfiguration section */
		50511ECE2770E087003A1E9F /* Debug */ = {
			isa = XCBuildConfiguration;
			buildSettings = {
				ALWAYS_SEARCH_USER_PATHS = NO;
				BUILD_LIBRARY_FOR_DISTRIBUTION = YES;
				CLANG_ANALYZER_NONNULL = YES;
				CLANG_ANALYZER_NUMBER_OBJECT_CONVERSION = YES_AGGRESSIVE;
				CLANG_CXX_LANGUAGE_STANDARD = "gnu++17";
				CLANG_CXX_LIBRARY = "libc++";
				CLANG_ENABLE_MODULES = YES;
				CLANG_ENABLE_OBJC_ARC = YES;
				CLANG_ENABLE_OBJC_WEAK = YES;
				CLANG_WARN_BLOCK_CAPTURE_AUTORELEASING = YES;
				CLANG_WARN_BOOL_CONVERSION = YES;
				CLANG_WARN_COMMA = YES;
				CLANG_WARN_CONSTANT_CONVERSION = YES;
				CLANG_WARN_DEPRECATED_OBJC_IMPLEMENTATIONS = YES;
				CLANG_WARN_DIRECT_OBJC_ISA_USAGE = YES_ERROR;
				CLANG_WARN_DOCUMENTATION_COMMENTS = YES;
				CLANG_WARN_EMPTY_BODY = YES;
				CLANG_WARN_ENUM_CONVERSION = YES;
				CLANG_WARN_INFINITE_RECURSION = YES;
				CLANG_WARN_INT_CONVERSION = YES;
				CLANG_WARN_NON_LITERAL_NULL_CONVERSION = YES;
				CLANG_WARN_OBJC_IMPLICIT_RETAIN_SELF = YES;
				CLANG_WARN_OBJC_LITERAL_CONVERSION = YES;
				CLANG_WARN_OBJC_ROOT_CLASS = YES_ERROR;
				CLANG_WARN_QUOTED_INCLUDE_IN_FRAMEWORK_HEADER = YES;
				CLANG_WARN_RANGE_LOOP_ANALYSIS = YES;
				CLANG_WARN_STRICT_PROTOTYPES = YES;
				CLANG_WARN_SUSPICIOUS_MOVE = YES;
				CLANG_WARN_UNGUARDED_AVAILABILITY = YES_AGGRESSIVE;
				CLANG_WARN_UNREACHABLE_CODE = YES;
				CLANG_WARN__DUPLICATE_METHOD_MATCH = YES;
				COPY_PHASE_STRIP = NO;
				DEBUG_INFORMATION_FORMAT = dwarf;
				ENABLE_STRICT_OBJC_MSGSEND = YES;
				ENABLE_TESTABILITY = YES;
				GCC_C_LANGUAGE_STANDARD = gnu11;
				GCC_DYNAMIC_NO_PIC = NO;
				GCC_NO_COMMON_BLOCKS = YES;
				GCC_OPTIMIZATION_LEVEL = 0;
				GCC_PREPROCESSOR_DEFINITIONS = (
					"DEBUG=1",
					"$(inherited)",
				);
				GCC_WARN_64_TO_32_BIT_CONVERSION = YES;
				GCC_WARN_ABOUT_RETURN_TYPE = YES_ERROR;
				GCC_WARN_UNDECLARED_SELECTOR = YES;
				GCC_WARN_UNINITIALIZED_AUTOS = YES_AGGRESSIVE;
				GCC_WARN_UNUSED_FUNCTION = YES;
				GCC_WARN_UNUSED_VARIABLE = YES;
				MACOSX_DEPLOYMENT_TARGET = 12.0;
				MTL_ENABLE_DEBUG_INFO = INCLUDE_SOURCE;
				MTL_FAST_MATH = YES;
				ONLY_ACTIVE_ARCH = YES;
				SDKROOT = macosx;
				SWIFT_ACTIVE_COMPILATION_CONDITIONS = DEBUG;
				SWIFT_OPTIMIZATION_LEVEL = "-Onone";
			};
			name = Debug;
		};
		50511ECF2770E087003A1E9F /* Release */ = {
			isa = XCBuildConfiguration;
			buildSettings = {
				ALWAYS_SEARCH_USER_PATHS = NO;
				BUILD_LIBRARY_FOR_DISTRIBUTION = YES;
				CLANG_ANALYZER_NONNULL = YES;
				CLANG_ANALYZER_NUMBER_OBJECT_CONVERSION = YES_AGGRESSIVE;
				CLANG_CXX_LANGUAGE_STANDARD = "gnu++17";
				CLANG_CXX_LIBRARY = "libc++";
				CLANG_ENABLE_MODULES = YES;
				CLANG_ENABLE_OBJC_ARC = YES;
				CLANG_ENABLE_OBJC_WEAK = YES;
				CLANG_WARN_BLOCK_CAPTURE_AUTORELEASING = YES;
				CLANG_WARN_BOOL_CONVERSION = YES;
				CLANG_WARN_COMMA = YES;
				CLANG_WARN_CONSTANT_CONVERSION = YES;
				CLANG_WARN_DEPRECATED_OBJC_IMPLEMENTATIONS = YES;
				CLANG_WARN_DIRECT_OBJC_ISA_USAGE = YES_ERROR;
				CLANG_WARN_DOCUMENTATION_COMMENTS = YES;
				CLANG_WARN_EMPTY_BODY = YES;
				CLANG_WARN_ENUM_CONVERSION = YES;
				CLANG_WARN_INFINITE_RECURSION = YES;
				CLANG_WARN_INT_CONVERSION = YES;
				CLANG_WARN_NON_LITERAL_NULL_CONVERSION = YES;
				CLANG_WARN_OBJC_IMPLICIT_RETAIN_SELF = YES;
				CLANG_WARN_OBJC_LITERAL_CONVERSION = YES;
				CLANG_WARN_OBJC_ROOT_CLASS = YES_ERROR;
				CLANG_WARN_QUOTED_INCLUDE_IN_FRAMEWORK_HEADER = YES;
				CLANG_WARN_RANGE_LOOP_ANALYSIS = YES;
				CLANG_WARN_STRICT_PROTOTYPES = YES;
				CLANG_WARN_SUSPICIOUS_MOVE = YES;
				CLANG_WARN_UNGUARDED_AVAILABILITY = YES_AGGRESSIVE;
				CLANG_WARN_UNREACHABLE_CODE = YES;
				CLANG_WARN__DUPLICATE_METHOD_MATCH = YES;
				COPY_PHASE_STRIP = NO;
				DEBUG_INFORMATION_FORMAT = "dwarf-with-dsym";
				ENABLE_NS_ASSERTIONS = NO;
				ENABLE_STRICT_OBJC_MSGSEND = YES;
				GCC_C_LANGUAGE_STANDARD = gnu11;
				GCC_NO_COMMON_BLOCKS = YES;
				GCC_WARN_64_TO_32_BIT_CONVERSION = YES;
				GCC_WARN_ABOUT_RETURN_TYPE = YES_ERROR;
				GCC_WARN_UNDECLARED_SELECTOR = YES;
				GCC_WARN_UNINITIALIZED_AUTOS = YES_AGGRESSIVE;
				GCC_WARN_UNUSED_FUNCTION = YES;
				GCC_WARN_UNUSED_VARIABLE = YES;
				MACOSX_DEPLOYMENT_TARGET = 12.0;
				MTL_ENABLE_DEBUG_INFO = NO;
				MTL_FAST_MATH = YES;
				SDKROOT = macosx;
				SWIFT_COMPILATION_MODE = wholemodule;
				SWIFT_OPTIMIZATION_LEVEL = "-O";
			};
			name = Release;
		};
		50511ED12770E087003A1E9F /* Debug */ = {
			isa = XCBuildConfiguration;
			buildSettings = {
				ASSETCATALOG_COMPILER_APPICON_NAME = AppIcon;
				ASSETCATALOG_COMPILER_GLOBAL_ACCENT_COLOR_NAME = AccentColor;
				CODE_SIGN_ENTITLEMENTS = "XIV on Mac/XIV_on_Mac.entitlements";
				CODE_SIGN_IDENTITY = "Apple Development";
				CODE_SIGN_STYLE = Automatic;
				COMBINE_HIDPI_IMAGES = YES;
				CURRENT_PROJECT_VERSION = 1;
				DEVELOPMENT_TEAM = TQJJTJ6364;
				ENABLE_HARDENED_RUNTIME = YES;
				GENERATE_INFOPLIST_FILE = YES;
				INFOPLIST_KEY_LSApplicationCategoryType = "public.app-category.role-playing-games";
				INFOPLIST_KEY_NSHumanReadableCopyright = "";
				INFOPLIST_KEY_NSMainStoryboardFile = Main;
				INFOPLIST_KEY_NSPrincipalClass = NSApplication;
				LD_RUNPATH_SEARCH_PATHS = (
					"$(inherited)",
					"@executable_path/../Frameworks",
				);
				LIBRARY_SEARCH_PATHS = (
					"$(inherited)",
					"$(PROJECT_DIR)/XIV\\ on\\ Mac/wine/lib",
				);
				MACOSX_DEPLOYMENT_TARGET = 10.13;
				MARKETING_VERSION = 2.0.0;
				PRODUCT_BUNDLE_IDENTIFIER = "dezent.XIV-on-Mac";
				PRODUCT_NAME = "$(TARGET_NAME)";
				PROVISIONING_PROFILE_SPECIFIER = "";
				SWIFT_EMIT_LOC_STRINGS = YES;
				SWIFT_VERSION = 5.0;
			};
			name = Debug;
		};
		50511ED22770E087003A1E9F /* Release */ = {
			isa = XCBuildConfiguration;
			buildSettings = {
				ASSETCATALOG_COMPILER_APPICON_NAME = AppIcon;
				ASSETCATALOG_COMPILER_GLOBAL_ACCENT_COLOR_NAME = AccentColor;
				CODE_SIGN_ENTITLEMENTS = "XIV on Mac/XIV_on_Mac.entitlements";
				CODE_SIGN_IDENTITY = "Apple Development";
				CODE_SIGN_STYLE = Automatic;
				COMBINE_HIDPI_IMAGES = YES;
				CURRENT_PROJECT_VERSION = 1;
				DEVELOPMENT_TEAM = TQJJTJ6364;
				ENABLE_HARDENED_RUNTIME = YES;
				GENERATE_INFOPLIST_FILE = YES;
				INFOPLIST_KEY_LSApplicationCategoryType = "public.app-category.role-playing-games";
				INFOPLIST_KEY_NSHumanReadableCopyright = "";
				INFOPLIST_KEY_NSMainStoryboardFile = Main;
				INFOPLIST_KEY_NSPrincipalClass = NSApplication;
				LD_RUNPATH_SEARCH_PATHS = (
					"$(inherited)",
					"@executable_path/../Frameworks",
				);
				LIBRARY_SEARCH_PATHS = (
					"$(inherited)",
					"$(PROJECT_DIR)/XIV\\ on\\ Mac/wine/lib",
				);
				MACOSX_DEPLOYMENT_TARGET = 10.13;
				MARKETING_VERSION = 2.0.0;
				PRODUCT_BUNDLE_IDENTIFIER = "dezent.XIV-on-Mac";
				PRODUCT_NAME = "$(TARGET_NAME)";
				PROVISIONING_PROFILE_SPECIFIER = "";
				SWIFT_EMIT_LOC_STRINGS = YES;
				SWIFT_VERSION = 5.0;
			};
			name = Release;
		};
/* End XCBuildConfiguration section */

/* Begin XCConfigurationList section */
		50511EBC2770E085003A1E9F /* Build configuration list for PBXProject "XIV on Mac" */ = {
			isa = XCConfigurationList;
			buildConfigurations = (
				50511ECE2770E087003A1E9F /* Debug */,
				50511ECF2770E087003A1E9F /* Release */,
			);
			defaultConfigurationIsVisible = 0;
			defaultConfigurationName = Release;
		};
		50511ED02770E087003A1E9F /* Build configuration list for PBXNativeTarget "XIV on Mac" */ = {
			isa = XCConfigurationList;
			buildConfigurations = (
				50511ED12770E087003A1E9F /* Debug */,
				50511ED22770E087003A1E9F /* Release */,
			);
			defaultConfigurationIsVisible = 0;
			defaultConfigurationName = Release;
		};
/* End XCConfigurationList section */

/* Begin XCRemoteSwiftPackageReference section */
		2B7159B5277C526000945A24 /* XCRemoteSwiftPackageReference "BlueSocket" */ = {
			isa = XCRemoteSwiftPackageReference;
			repositoryURL = "https://github.com/Kitura/BlueSocket";
			requirement = {
				kind = exactVersion;
				version = 2.0.2;
			};
		};
		2B7159B8277C529300945A24 /* XCRemoteSwiftPackageReference "SwordRPC" */ = {
			isa = XCRemoteSwiftPackageReference;
			repositoryURL = "https://github.com/PKBeam/SwordRPC.git";
			requirement = {
				branch = master;
				kind = branch;
			};
		};
		507CFBF42781C780007ADEC9 /* XCRemoteSwiftPackageReference "ZIPFoundation" */ = {
			isa = XCRemoteSwiftPackageReference;
			repositoryURL = "https://github.com/weichsel/ZIPFoundation.git";
			requirement = {
				kind = upToNextMajorVersion;
				minimumVersion = 0.9.9;
			};
		};
/* End XCRemoteSwiftPackageReference section */

/* Begin XCSwiftPackageProductDependency section */
		2B7159B6277C526000945A24 /* Socket */ = {
			isa = XCSwiftPackageProductDependency;
			package = 2B7159B5277C526000945A24 /* XCRemoteSwiftPackageReference "BlueSocket" */;
			productName = Socket;
		};
		2B7159B9277C529300945A24 /* SwordRPC */ = {
			isa = XCSwiftPackageProductDependency;
			package = 2B7159B8277C529300945A24 /* XCRemoteSwiftPackageReference "SwordRPC" */;
			productName = SwordRPC;
		};
		507CFBF52781C780007ADEC9 /* ZIPFoundation */ = {
			isa = XCSwiftPackageProductDependency;
			package = 507CFBF42781C780007ADEC9 /* XCRemoteSwiftPackageReference "ZIPFoundation" */;
			productName = ZIPFoundation;
		};
/* End XCSwiftPackageProductDependency section */
	};
	rootObject = 50511EB92770E085003A1E9F /* Project object */;
}
