// !$*UTF8*$!
{
	archiveVersion = 1;
	classes = {
	};
	objectVersion = 55;
	objects = {

/* Begin PBXBuildFile section */
		07B529D527D97D2B005B78BF /* Localizable.strings in Resources */ = {isa = PBXBuildFile; fileRef = 07B529D727D97D2B005B78BF /* Localizable.strings */; };
		07B529D927D97F26005B78BF /* installRosetta.command in Resources */ = {isa = PBXBuildFile; fileRef = 07B529D827D97F26005B78BF /* installRosetta.command */; };
		2B7C95D2277C6C6000A3CA89 /* SocialIntegration.swift in Sources */ = {isa = PBXBuildFile; fileRef = 2B7C95D1277C6C6000A3CA89 /* SocialIntegration.swift */; };
		5010EFE427E4CE40001D2FEC /* Encryption.swift in Sources */ = {isa = PBXBuildFile; fileRef = 5010EFE327E4CE40001D2FEC /* Encryption.swift */; };
		5020957927C9611A00BD76CC /* Patch.swift in Sources */ = {isa = PBXBuildFile; fileRef = 5020957827C9611A00BD76CC /* Patch.swift */; };
		502A18D827AA8C0D00144AB9 /* FFXIVLoginServices.swift in Sources */ = {isa = PBXBuildFile; fileRef = 502A18D727AA8C0D00144AB9 /* FFXIVLoginServices.swift */; };
		502A18E127AABF8400144AB9 /* KeychainAccess in Frameworks */ = {isa = PBXBuildFile; productRef = 502A18E027AABF8400144AB9 /* KeychainAccess */; };
		502A18E927AACEFE00144AB9 /* LaunchController.swift in Sources */ = {isa = PBXBuildFile; fileRef = 502A18E827AACEFE00144AB9 /* LaunchController.swift */; };
		5043E36C27728BA300E59127 /* wine in Resources */ = {isa = PBXBuildFile; fileRef = 5043E36B27728BA300E59127 /* wine */; };
		5046F7EF27E74AC9006C34E1 /* discord_bridge.exe in Resources */ = {isa = PBXBuildFile; fileRef = 5046F7EE27E74A9A006C34E1 /* discord_bridge.exe */; };
		50511EC52770E085003A1E9F /* AppDelegate.swift in Sources */ = {isa = PBXBuildFile; fileRef = 50511EC42770E085003A1E9F /* AppDelegate.swift */; };
		50511EC72770E085003A1E9F /* InstallerController.swift in Sources */ = {isa = PBXBuildFile; fileRef = 50511EC62770E085003A1E9F /* InstallerController.swift */; };
		50511EC92770E087003A1E9F /* Assets.xcassets in Resources */ = {isa = PBXBuildFile; fileRef = 50511EC82770E087003A1E9F /* Assets.xcassets */; };
		50511ECC2770E087003A1E9F /* Main.storyboard in Resources */ = {isa = PBXBuildFile; fileRef = 50511ECA2770E087003A1E9F /* Main.storyboard */; };
		505C0D9B277333920008A344 /* Util.swift in Sources */ = {isa = PBXBuildFile; fileRef = 505C0D9A277333920008A344 /* Util.swift */; };
		50692C8927B3D13700945593 /* Sparkle in Frameworks */ = {isa = PBXBuildFile; productRef = 50692C8827B3D13700945593 /* Sparkle */; };
		50692C8B27B3E48B00945593 /* Credits.html in Resources */ = {isa = PBXBuildFile; fileRef = 50692C8A27B3E48B00945593 /* Credits.html */; };
		507607A127B149F600DDF3E6 /* Frontier.swift in Sources */ = {isa = PBXBuildFile; fileRef = 507607A027B149F600DDF3E6 /* Frontier.swift */; };
		5077A32C27C12A9100D4F1B8 /* FFXIVSettings.swift in Sources */ = {isa = PBXBuildFile; fileRef = 5077A32B27C12A9100D4F1B8 /* FFXIVSettings.swift */; };
		507C5FFF27CA9F2E00BA3CC2 /* PatchInstaller.swift in Sources */ = {isa = PBXBuildFile; fileRef = 507C5FFE27CA9F2E00BA3CC2 /* PatchInstaller.swift */; };
		507C600127CAA72000BA3CC2 /* PatchController.swift in Sources */ = {isa = PBXBuildFile; fileRef = 507C600027CAA72000BA3CC2 /* PatchController.swift */; };
		507CFBF62781C780007ADEC9 /* ZIPFoundation in Frameworks */ = {isa = PBXBuildFile; productRef = 507CFBF52781C780007ADEC9 /* ZIPFoundation */; };
		507D8F2127766F52000F0CB0 /* dxvk in Resources */ = {isa = PBXBuildFile; fileRef = 507D8F2027766F52000F0CB0 /* dxvk */; };
		509FE19A27E3654E008D56D6 /* FFXIVEnums.swift in Sources */ = {isa = PBXBuildFile; fileRef = 509FE19927E3654E008D56D6 /* FFXIVEnums.swift */; };
		509FE19C27E39DCB008D56D6 /* FFXIVApp.swift in Sources */ = {isa = PBXBuildFile; fileRef = 509FE19B27E39DCB008D56D6 /* FFXIVApp.swift */; };
		50B1C5B827D25620006DA54E /* SeeURL in Frameworks */ = {isa = PBXBuildFile; productRef = 50B1C5B727D25620006DA54E /* SeeURL */; };
		50B2A2B527AC1BC400EFA0A2 /* LoginSheetController.swift in Sources */ = {isa = PBXBuildFile; fileRef = 50B2A2B427AC1BC400EFA0A2 /* LoginSheetController.swift */; };
		50B2A2B927AC461800EFA0A2 /* Dalamud.swift in Sources */ = {isa = PBXBuildFile; fileRef = 50B2A2B827AC461800EFA0A2 /* Dalamud.swift */; };
		50BC73CF27C2BEAF006269AC /* ACT.swift in Sources */ = {isa = PBXBuildFile; fileRef = 50BC73CE27C2BEAF006269AC /* ACT.swift */; };
		50BC73D327C2C3F3006269AC /* GShade.swift in Sources */ = {isa = PBXBuildFile; fileRef = 50BC73D227C2C3F3006269AC /* GShade.swift */; };
		50BD278727785418002B0D1F /* Notifications.swift in Sources */ = {isa = PBXBuildFile; fileRef = 50BD278627785418002B0D1F /* Notifications.swift */; };
		50C45AB027D8A30A00572977 /* libsdkencryptedappticket.dylib in Frameworks */ = {isa = PBXBuildFile; fileRef = 50C45A7E27D8A30900572977 /* libsdkencryptedappticket.dylib */; };
		50C45AB127D8A30A00572977 /* libsteam_api.dylib in Frameworks */ = {isa = PBXBuildFile; fileRef = 50C45A7F27D8A30900572977 /* libsteam_api.dylib */; };
		50C45AB227D8A30A00572977 /* Steamworks.mm in Sources */ = {isa = PBXBuildFile; fileRef = 50C45A8127D8A30A00572977 /* Steamworks.mm */; };
		50C45AB427D8A30E00572977 /* libsdkencryptedappticket.dylib in Embed Libraries */ = {isa = PBXBuildFile; fileRef = 50C45A7E27D8A30900572977 /* libsdkencryptedappticket.dylib */; settings = {ATTRIBUTES = (CodeSignOnCopy, ); }; };
		50C45AB627D8A31000572977 /* libsteam_api.dylib in Embed Libraries */ = {isa = PBXBuildFile; fileRef = 50C45A7F27D8A30900572977 /* libsteam_api.dylib */; settings = {ATTRIBUTES = (CodeSignOnCopy, ); }; };
		50C45ABD27D8E9FC00572977 /* Steamworks.swift in Sources */ = {isa = PBXBuildFile; fileRef = 50C45ABC27D8E9FC00572977 /* Steamworks.swift */; };
		50D30FA027B92EDB007A9F66 /* OTP.swift in Sources */ = {isa = PBXBuildFile; fileRef = 50D30F9F27B92EDB007A9F66 /* OTP.swift */; };
		50D30FA327B93359007A9F66 /* Embassy in Frameworks */ = {isa = PBXBuildFile; productRef = 50D30FA227B93359007A9F66 /* Embassy */; };
		50DC355927E8B6AD00DBA62C /* AppMover in Frameworks */ = {isa = PBXBuildFile; productRef = 50DC355827E8B6AD00DBA62C /* AppMover */; };
		50DC355B27E8CFC500DBA62C /* dalamud_helper.exe in Resources */ = {isa = PBXBuildFile; fileRef = 50DC355A27E8CFC500DBA62C /* dalamud_helper.exe */; };
		50DC355E27E9CEEE00DBA62C /* Base32 in Frameworks */ = {isa = PBXBuildFile; productRef = 50DC355D27E9CEEE00DBA62C /* Base32 */; };
		50DF1F8527CCB83300DE9DA5 /* FFXIVRepo.swift in Sources */ = {isa = PBXBuildFile; fileRef = 50DF1F8427CCB83300DE9DA5 /* FFXIVRepo.swift */; };
		50DF1F8827CD261A00DE9DA5 /* OrderedCollections in Frameworks */ = {isa = PBXBuildFile; productRef = 50DF1F8727CD261A00DE9DA5 /* OrderedCollections */; };
		50DF45992795C53300E3D22F /* GShade in Resources */ = {isa = PBXBuildFile; fileRef = 50DF45982795C53300E3D22F /* GShade */; };
		50E5387B2779CF5C0038521A /* SettingsController.swift in Sources */ = {isa = PBXBuildFile; fileRef = 50E5387A2779CF5C0038521A /* SettingsController.swift */; };
		50ED0DB32773C619002E9854 /* Dotnet.swift in Sources */ = {isa = PBXBuildFile; fileRef = 50ED0DB22773C619002E9854 /* Dotnet.swift */; };
		50ED0DB52773CA8C002E9854 /* Networking.swift in Sources */ = {isa = PBXBuildFile; fileRef = 50ED0DB42773CA8C002E9854 /* Networking.swift */; };
		50F4BD2427CFA70A00FB165D /* DXVK.swift in Sources */ = {isa = PBXBuildFile; fileRef = 50F4BD2327CFA70A00FB165D /* DXVK.swift */; };
		50F6CBAA27A975A000013301 /* Wine.swift in Sources */ = {isa = PBXBuildFile; fileRef = 50F6CBA927A975A000013301 /* Wine.swift */; };
/* End PBXBuildFile section */

/* Begin PBXCopyFilesBuildPhase section */
		50C45AB527D8A30E00572977 /* Embed Libraries */ = {
			isa = PBXCopyFilesBuildPhase;
			buildActionMask = 2147483647;
			dstPath = "";
			dstSubfolderSpec = 6;
			files = (
				50C45AB627D8A31000572977 /* libsteam_api.dylib in Embed Libraries */,
				50C45AB427D8A30E00572977 /* libsdkencryptedappticket.dylib in Embed Libraries */,
			);
			name = "Embed Libraries";
			runOnlyForDeploymentPostprocessing = 0;
		};
/* End PBXCopyFilesBuildPhase section */

/* Begin PBXFileReference section */
		07B529D627D97D2B005B78BF /* en */ = {isa = PBXFileReference; lastKnownFileType = text.plist.strings; name = en; path = en.lproj/Localizable.strings; sourceTree = "<group>"; };
		07B529D827D97F26005B78BF /* installRosetta.command */ = {isa = PBXFileReference; lastKnownFileType = text; path = installRosetta.command; sourceTree = "<group>"; };
		2B7C95D1277C6C6000A3CA89 /* SocialIntegration.swift */ = {isa = PBXFileReference; lastKnownFileType = sourcecode.swift; path = SocialIntegration.swift; sourceTree = "<group>"; };
		5010EFE327E4CE40001D2FEC /* Encryption.swift */ = {isa = PBXFileReference; lastKnownFileType = sourcecode.swift; path = Encryption.swift; sourceTree = "<group>"; };
		5020957827C9611A00BD76CC /* Patch.swift */ = {isa = PBXFileReference; lastKnownFileType = sourcecode.swift; path = Patch.swift; sourceTree = "<group>"; };
		502A18D727AA8C0D00144AB9 /* FFXIVLoginServices.swift */ = {isa = PBXFileReference; lastKnownFileType = sourcecode.swift; path = FFXIVLoginServices.swift; sourceTree = "<group>"; };
		502A18E827AACEFE00144AB9 /* LaunchController.swift */ = {isa = PBXFileReference; lastKnownFileType = sourcecode.swift; path = LaunchController.swift; sourceTree = "<group>"; };
		5043E36B27728BA300E59127 /* wine */ = {isa = PBXFileReference; lastKnownFileType = folder; path = wine; sourceTree = "<group>"; };
		5046F7EE27E74A9A006C34E1 /* discord_bridge.exe */ = {isa = PBXFileReference; lastKnownFileType = file; path = discord_bridge.exe; sourceTree = "<group>"; };
		50511EC12770E085003A1E9F /* XIV on Mac.app */ = {isa = PBXFileReference; explicitFileType = wrapper.application; includeInIndex = 0; path = "XIV on Mac.app"; sourceTree = BUILT_PRODUCTS_DIR; };
		50511EC42770E085003A1E9F /* AppDelegate.swift */ = {isa = PBXFileReference; lastKnownFileType = sourcecode.swift; path = AppDelegate.swift; sourceTree = "<group>"; };
		50511EC62770E085003A1E9F /* InstallerController.swift */ = {isa = PBXFileReference; lastKnownFileType = sourcecode.swift; path = InstallerController.swift; sourceTree = "<group>"; };
		50511EC82770E087003A1E9F /* Assets.xcassets */ = {isa = PBXFileReference; lastKnownFileType = folder.assetcatalog; path = Assets.xcassets; sourceTree = "<group>"; };
		50511ECB2770E087003A1E9F /* Base */ = {isa = PBXFileReference; lastKnownFileType = file.storyboard; name = Base; path = Base.lproj/Main.storyboard; sourceTree = "<group>"; };
		50511ECD2770E087003A1E9F /* XIV_on_Mac.entitlements */ = {isa = PBXFileReference; lastKnownFileType = text.plist.entitlements; path = XIV_on_Mac.entitlements; sourceTree = "<group>"; };
		505C0D9A277333920008A344 /* Util.swift */ = {isa = PBXFileReference; lastKnownFileType = sourcecode.swift; path = Util.swift; sourceTree = "<group>"; };
		50692C8A27B3E48B00945593 /* Credits.html */ = {isa = PBXFileReference; fileEncoding = 4; lastKnownFileType = text.html; path = Credits.html; sourceTree = "<group>"; };
		507607A027B149F600DDF3E6 /* Frontier.swift */ = {isa = PBXFileReference; lastKnownFileType = sourcecode.swift; path = Frontier.swift; sourceTree = "<group>"; };
		5077A32B27C12A9100D4F1B8 /* FFXIVSettings.swift */ = {isa = PBXFileReference; lastKnownFileType = sourcecode.swift; path = FFXIVSettings.swift; sourceTree = "<group>"; };
		507C5FFE27CA9F2E00BA3CC2 /* PatchInstaller.swift */ = {isa = PBXFileReference; lastKnownFileType = sourcecode.swift; path = PatchInstaller.swift; sourceTree = "<group>"; };
		507C600027CAA72000BA3CC2 /* PatchController.swift */ = {isa = PBXFileReference; lastKnownFileType = sourcecode.swift; path = PatchController.swift; sourceTree = "<group>"; };
		507D8F2027766F52000F0CB0 /* dxvk */ = {isa = PBXFileReference; lastKnownFileType = folder; path = dxvk; sourceTree = "<group>"; };
		509FE19927E3654E008D56D6 /* FFXIVEnums.swift */ = {isa = PBXFileReference; lastKnownFileType = sourcecode.swift; path = FFXIVEnums.swift; sourceTree = "<group>"; };
		509FE19B27E39DCB008D56D6 /* FFXIVApp.swift */ = {isa = PBXFileReference; lastKnownFileType = sourcecode.swift; path = FFXIVApp.swift; sourceTree = "<group>"; };
		50B2A2B327ABEF6800EFA0A2 /* XIV-on-Mac-Info.plist */ = {isa = PBXFileReference; lastKnownFileType = text.plist; path = "XIV-on-Mac-Info.plist"; sourceTree = SOURCE_ROOT; };
		50B2A2B427AC1BC400EFA0A2 /* LoginSheetController.swift */ = {isa = PBXFileReference; lastKnownFileType = sourcecode.swift; path = LoginSheetController.swift; sourceTree = "<group>"; };
		50B2A2B827AC461800EFA0A2 /* Dalamud.swift */ = {isa = PBXFileReference; lastKnownFileType = sourcecode.swift; path = Dalamud.swift; sourceTree = "<group>"; };
		50BC73CE27C2BEAF006269AC /* ACT.swift */ = {isa = PBXFileReference; lastKnownFileType = sourcecode.swift; path = ACT.swift; sourceTree = "<group>"; };
		50BC73D227C2C3F3006269AC /* GShade.swift */ = {isa = PBXFileReference; lastKnownFileType = sourcecode.swift; path = GShade.swift; sourceTree = "<group>"; };
		50BD278627785418002B0D1F /* Notifications.swift */ = {isa = PBXFileReference; lastKnownFileType = sourcecode.swift; path = Notifications.swift; sourceTree = "<group>"; };
		50C45A7E27D8A30900572977 /* libsdkencryptedappticket.dylib */ = {isa = PBXFileReference; lastKnownFileType = "compiled.mach-o.dylib"; path = libsdkencryptedappticket.dylib; sourceTree = "<group>"; };
		50C45A7F27D8A30900572977 /* libsteam_api.dylib */ = {isa = PBXFileReference; lastKnownFileType = "compiled.mach-o.dylib"; path = libsteam_api.dylib; sourceTree = "<group>"; };
		50C45A8027D8A30900572977 /* Steamworks.h */ = {isa = PBXFileReference; fileEncoding = 4; lastKnownFileType = sourcecode.c.h; path = Steamworks.h; sourceTree = "<group>"; };
		50C45A8127D8A30A00572977 /* Steamworks.mm */ = {isa = PBXFileReference; fileEncoding = 4; lastKnownFileType = sourcecode.cpp.objcpp; path = Steamworks.mm; sourceTree = "<group>"; };
		50C45A8327D8A30A00572977 /* steam_api_flat.h */ = {isa = PBXFileReference; fileEncoding = 4; lastKnownFileType = sourcecode.c.h; path = steam_api_flat.h; sourceTree = "<group>"; };
		50C45A8427D8A30A00572977 /* steam_api.json */ = {isa = PBXFileReference; fileEncoding = 4; lastKnownFileType = text.json; path = steam_api.json; sourceTree = "<group>"; };
		50C45A8527D8A30A00572977 /* isteamvideo.h */ = {isa = PBXFileReference; fileEncoding = 4; lastKnownFileType = sourcecode.c.h; path = isteamvideo.h; sourceTree = "<group>"; };
		50C45A8627D8A30A00572977 /* isteamremotestorage.h */ = {isa = PBXFileReference; fileEncoding = 4; lastKnownFileType = sourcecode.c.h; path = isteamremotestorage.h; sourceTree = "<group>"; };
		50C45A8727D8A30A00572977 /* isteammusicremote.h */ = {isa = PBXFileReference; fileEncoding = 4; lastKnownFileType = sourcecode.c.h; path = isteammusicremote.h; sourceTree = "<group>"; };
		50C45A8827D8A30A00572977 /* isteamugc.h */ = {isa = PBXFileReference; fileEncoding = 4; lastKnownFileType = sourcecode.c.h; path = isteamugc.h; sourceTree = "<group>"; };
		50C45A8927D8A30A00572977 /* isteamnetworkingutils.h */ = {isa = PBXFileReference; fileEncoding = 4; lastKnownFileType = sourcecode.c.h; path = isteamnetworkingutils.h; sourceTree = "<group>"; };
		50C45A8A27D8A30A00572977 /* isteamapps.h */ = {isa = PBXFileReference; fileEncoding = 4; lastKnownFileType = sourcecode.c.h; path = isteamapps.h; sourceTree = "<group>"; };
		50C45A8B27D8A30A00572977 /* steamnetworkingfakeip.h */ = {isa = PBXFileReference; fileEncoding = 4; lastKnownFileType = sourcecode.c.h; path = steamnetworkingfakeip.h; sourceTree = "<group>"; };
		50C45A8C27D8A30A00572977 /* steam_api_common.h */ = {isa = PBXFileReference; fileEncoding = 4; lastKnownFileType = sourcecode.c.h; path = steam_api_common.h; sourceTree = "<group>"; };
		50C45A8D27D8A30A00572977 /* isteamscreenshots.h */ = {isa = PBXFileReference; fileEncoding = 4; lastKnownFileType = sourcecode.c.h; path = isteamscreenshots.h; sourceTree = "<group>"; };
		50C45A8E27D8A30A00572977 /* isteamnetworkingsockets.h */ = {isa = PBXFileReference; fileEncoding = 4; lastKnownFileType = sourcecode.c.h; path = isteamnetworkingsockets.h; sourceTree = "<group>"; };
		50C45A8F27D8A30A00572977 /* isteamhtmlsurface.h */ = {isa = PBXFileReference; fileEncoding = 4; lastKnownFileType = sourcecode.c.h; path = isteamhtmlsurface.h; sourceTree = "<group>"; };
		50C45A9027D8A30A00572977 /* matchmakingtypes.h */ = {isa = PBXFileReference; fileEncoding = 4; lastKnownFileType = sourcecode.c.h; path = matchmakingtypes.h; sourceTree = "<group>"; };
		50C45A9127D8A30A00572977 /* steamps3params.h */ = {isa = PBXFileReference; fileEncoding = 4; lastKnownFileType = sourcecode.c.h; path = steamps3params.h; sourceTree = "<group>"; };
		50C45A9227D8A30A00572977 /* steamuniverse.h */ = {isa = PBXFileReference; fileEncoding = 4; lastKnownFileType = sourcecode.c.h; path = steamuniverse.h; sourceTree = "<group>"; };
		50C45A9327D8A30A00572977 /* steamtypes.h */ = {isa = PBXFileReference; fileEncoding = 4; lastKnownFileType = sourcecode.c.h; path = steamtypes.h; sourceTree = "<group>"; };
		50C45A9427D8A30A00572977 /* isteamgameserver.h */ = {isa = PBXFileReference; fileEncoding = 4; lastKnownFileType = sourcecode.c.h; path = isteamgameserver.h; sourceTree = "<group>"; };
		50C45A9527D8A30A00572977 /* isteamuser.h */ = {isa = PBXFileReference; fileEncoding = 4; lastKnownFileType = sourcecode.c.h; path = isteamuser.h; sourceTree = "<group>"; };
		50C45A9627D8A30A00572977 /* isteamremoteplay.h */ = {isa = PBXFileReference; fileEncoding = 4; lastKnownFileType = sourcecode.c.h; path = isteamremoteplay.h; sourceTree = "<group>"; };
		50C45A9727D8A30A00572977 /* steam_api.h */ = {isa = PBXFileReference; fileEncoding = 4; lastKnownFileType = sourcecode.c.h; path = steam_api.h; sourceTree = "<group>"; };
		50C45A9827D8A30A00572977 /* isteamgameserverstats.h */ = {isa = PBXFileReference; fileEncoding = 4; lastKnownFileType = sourcecode.c.h; path = isteamgameserverstats.h; sourceTree = "<group>"; };
		50C45A9927D8A30A00572977 /* isteamps3overlayrenderer.h */ = {isa = PBXFileReference; fileEncoding = 4; lastKnownFileType = sourcecode.c.h; path = isteamps3overlayrenderer.h; sourceTree = "<group>"; };
		50C45A9A27D8A30A00572977 /* isteamcontroller.h */ = {isa = PBXFileReference; fileEncoding = 4; lastKnownFileType = sourcecode.c.h; path = isteamcontroller.h; sourceTree = "<group>"; };
		50C45A9B27D8A30A00572977 /* isteammatchmaking.h */ = {isa = PBXFileReference; fileEncoding = 4; lastKnownFileType = sourcecode.c.h; path = isteammatchmaking.h; sourceTree = "<group>"; };
		50C45A9C27D8A30A00572977 /* isteamfriends.h */ = {isa = PBXFileReference; fileEncoding = 4; lastKnownFileType = sourcecode.c.h; path = isteamfriends.h; sourceTree = "<group>"; };
		50C45A9D27D8A30A00572977 /* isteaminput.h */ = {isa = PBXFileReference; fileEncoding = 4; lastKnownFileType = sourcecode.c.h; path = isteaminput.h; sourceTree = "<group>"; };
		50C45A9E27D8A30A00572977 /* isteamutils.h */ = {isa = PBXFileReference; fileEncoding = 4; lastKnownFileType = sourcecode.c.h; path = isteamutils.h; sourceTree = "<group>"; };
		50C45A9F27D8A30A00572977 /* isteamapplist.h */ = {isa = PBXFileReference; fileEncoding = 4; lastKnownFileType = sourcecode.c.h; path = isteamapplist.h; sourceTree = "<group>"; };
		50C45AA027D8A30A00572977 /* isteammusic.h */ = {isa = PBXFileReference; fileEncoding = 4; lastKnownFileType = sourcecode.c.h; path = isteammusic.h; sourceTree = "<group>"; };
		50C45AA127D8A30A00572977 /* steamnetworkingtypes.h */ = {isa = PBXFileReference; fileEncoding = 4; lastKnownFileType = sourcecode.c.h; path = steamnetworkingtypes.h; sourceTree = "<group>"; };
		50C45AA227D8A30A00572977 /* isteaminventory.h */ = {isa = PBXFileReference; fileEncoding = 4; lastKnownFileType = sourcecode.c.h; path = isteaminventory.h; sourceTree = "<group>"; };
		50C45AA327D8A30A00572977 /* steamencryptedappticket.h */ = {isa = PBXFileReference; fileEncoding = 4; lastKnownFileType = sourcecode.c.h; path = steamencryptedappticket.h; sourceTree = "<group>"; };
		50C45AA427D8A30A00572977 /* steam_gameserver.h */ = {isa = PBXFileReference; fileEncoding = 4; lastKnownFileType = sourcecode.c.h; path = steam_gameserver.h; sourceTree = "<group>"; };
		50C45AA527D8A30A00572977 /* isteamnetworking.h */ = {isa = PBXFileReference; fileEncoding = 4; lastKnownFileType = sourcecode.c.h; path = isteamnetworking.h; sourceTree = "<group>"; };
		50C45AA627D8A30A00572977 /* steamhttpenums.h */ = {isa = PBXFileReference; fileEncoding = 4; lastKnownFileType = sourcecode.c.h; path = steamhttpenums.h; sourceTree = "<group>"; };
		50C45AA727D8A30A00572977 /* isteamclient.h */ = {isa = PBXFileReference; fileEncoding = 4; lastKnownFileType = sourcecode.c.h; path = isteamclient.h; sourceTree = "<group>"; };
		50C45AA827D8A30A00572977 /* steam_api_internal.h */ = {isa = PBXFileReference; fileEncoding = 4; lastKnownFileType = sourcecode.c.h; path = steam_api_internal.h; sourceTree = "<group>"; };
		50C45AA927D8A30A00572977 /* steamclientpublic.h */ = {isa = PBXFileReference; fileEncoding = 4; lastKnownFileType = sourcecode.c.h; path = steamclientpublic.h; sourceTree = "<group>"; };
		50C45AAA27D8A30A00572977 /* isteamappticket.h */ = {isa = PBXFileReference; fileEncoding = 4; lastKnownFileType = sourcecode.c.h; path = isteamappticket.h; sourceTree = "<group>"; };
		50C45AAB27D8A30A00572977 /* isteamgamecoordinator.h */ = {isa = PBXFileReference; fileEncoding = 4; lastKnownFileType = sourcecode.c.h; path = isteamgamecoordinator.h; sourceTree = "<group>"; };
		50C45AAC27D8A30A00572977 /* isteamnetworkingmessages.h */ = {isa = PBXFileReference; fileEncoding = 4; lastKnownFileType = sourcecode.c.h; path = isteamnetworkingmessages.h; sourceTree = "<group>"; };
		50C45AAD27D8A30A00572977 /* isteamparentalsettings.h */ = {isa = PBXFileReference; fileEncoding = 4; lastKnownFileType = sourcecode.c.h; path = isteamparentalsettings.h; sourceTree = "<group>"; };
		50C45AAE27D8A30A00572977 /* isteamhttp.h */ = {isa = PBXFileReference; fileEncoding = 4; lastKnownFileType = sourcecode.c.h; path = isteamhttp.h; sourceTree = "<group>"; };
		50C45AAF27D8A30A00572977 /* isteamuserstats.h */ = {isa = PBXFileReference; fileEncoding = 4; lastKnownFileType = sourcecode.c.h; path = isteamuserstats.h; sourceTree = "<group>"; };
		50C45AB727D8A33F00572977 /* XIV on Mac-Bridging-Header.h */ = {isa = PBXFileReference; lastKnownFileType = sourcecode.c.h; path = "XIV on Mac-Bridging-Header.h"; sourceTree = "<group>"; };
		50C45ABC27D8E9FC00572977 /* Steamworks.swift */ = {isa = PBXFileReference; lastKnownFileType = sourcecode.swift; path = Steamworks.swift; sourceTree = "<group>"; };
		50D30F9F27B92EDB007A9F66 /* OTP.swift */ = {isa = PBXFileReference; lastKnownFileType = sourcecode.swift; path = OTP.swift; sourceTree = "<group>"; };
		50DC355A27E8CFC500DBA62C /* dalamud_helper.exe */ = {isa = PBXFileReference; lastKnownFileType = file; path = dalamud_helper.exe; sourceTree = "<group>"; };
		50DF1F8427CCB83300DE9DA5 /* FFXIVRepo.swift */ = {isa = PBXFileReference; lastKnownFileType = sourcecode.swift; path = FFXIVRepo.swift; sourceTree = "<group>"; };
		50DF45982795C53300E3D22F /* GShade */ = {isa = PBXFileReference; lastKnownFileType = folder; path = GShade; sourceTree = "<group>"; };
		50E5387A2779CF5C0038521A /* SettingsController.swift */ = {isa = PBXFileReference; lastKnownFileType = sourcecode.swift; path = SettingsController.swift; sourceTree = "<group>"; };
		50ED0DB22773C619002E9854 /* Dotnet.swift */ = {isa = PBXFileReference; lastKnownFileType = sourcecode.swift; path = Dotnet.swift; sourceTree = "<group>"; };
		50ED0DB42773CA8C002E9854 /* Networking.swift */ = {isa = PBXFileReference; lastKnownFileType = sourcecode.swift; path = Networking.swift; sourceTree = "<group>"; };
		50F4BD2327CFA70A00FB165D /* DXVK.swift */ = {isa = PBXFileReference; lastKnownFileType = sourcecode.swift; path = DXVK.swift; sourceTree = "<group>"; };
		50F6CBA927A975A000013301 /* Wine.swift */ = {isa = PBXFileReference; lastKnownFileType = sourcecode.swift; path = Wine.swift; sourceTree = "<group>"; };
/* End PBXFileReference section */

/* Begin PBXFrameworksBuildPhase section */
		50511EBE2770E085003A1E9F /* Frameworks */ = {
			isa = PBXFrameworksBuildPhase;
			buildActionMask = 2147483647;
			files = (
				50DC355E27E9CEEE00DBA62C /* Base32 in Frameworks */,
				50B1C5B827D25620006DA54E /* SeeURL in Frameworks */,
				50692C8927B3D13700945593 /* Sparkle in Frameworks */,
				502A18E127AABF8400144AB9 /* KeychainAccess in Frameworks */,
				50C45AB027D8A30A00572977 /* libsdkencryptedappticket.dylib in Frameworks */,
				50C45AB127D8A30A00572977 /* libsteam_api.dylib in Frameworks */,
				50DF1F8827CD261A00DE9DA5 /* OrderedCollections in Frameworks */,
				50DC355927E8B6AD00DBA62C /* AppMover in Frameworks */,
				50D30FA327B93359007A9F66 /* Embassy in Frameworks */,
				507CFBF62781C780007ADEC9 /* ZIPFoundation in Frameworks */,
			);
			runOnlyForDeploymentPostprocessing = 0;
		};
/* End PBXFrameworksBuildPhase section */

/* Begin PBXGroup section */
		50511EB82770E085003A1E9F = {
			isa = PBXGroup;
			children = (
				50511EC32770E085003A1E9F /* XIV on Mac */,
				50511EC22770E085003A1E9F /* Products */,
			);
			sourceTree = "<group>";
		};
		50511EC22770E085003A1E9F /* Products */ = {
			isa = PBXGroup;
			children = (
				50511EC12770E085003A1E9F /* XIV on Mac.app */,
			);
			name = Products;
			sourceTree = "<group>";
		};
		50511EC32770E085003A1E9F /* XIV on Mac */ = {
			isa = PBXGroup;
			children = (
				50B2A2B327ABEF6800EFA0A2 /* XIV-on-Mac-Info.plist */,
				505C0D9A277333920008A344 /* Util.swift */,
				50F6CBA927A975A000013301 /* Wine.swift */,
				50F4BD2327CFA70A00FB165D /* DXVK.swift */,
				50511EC42770E085003A1E9F /* AppDelegate.swift */,
				5010EFE327E4CE40001D2FEC /* Encryption.swift */,
				50F8A5F827BFA93800ADC0CB /* Patcher */,
				509A62D527A58966001B203A /* Launcher */,
				50BC73D427C2C804006269AC /* AddOns */,
				50511EC62770E085003A1E9F /* InstallerController.swift */,
				50C45A0C27D8A08D00572977 /* Steamworks */,
				50E5387A2779CF5C0038521A /* SettingsController.swift */,
				50B2A2B427AC1BC400EFA0A2 /* LoginSheetController.swift */,
				50BD278627785418002B0D1F /* Notifications.swift */,
				50ED0DB42773CA8C002E9854 /* Networking.swift */,
				2B7C95D1277C6C6000A3CA89 /* SocialIntegration.swift */,
				50511EC82770E087003A1E9F /* Assets.xcassets */,
				50692C8A27B3E48B00945593 /* Credits.html */,
				50511ECA2770E087003A1E9F /* Main.storyboard */,
				50511ECD2770E087003A1E9F /* XIV_on_Mac.entitlements */,
				50DF45982795C53300E3D22F /* GShade */,
				507D8F2027766F52000F0CB0 /* dxvk */,
				5043E36B27728BA300E59127 /* wine */,
				07B529D727D97D2B005B78BF /* Localizable.strings */,
				07B529D827D97F26005B78BF /* installRosetta.command */,
				5046F7EE27E74A9A006C34E1 /* discord_bridge.exe */,
				50DC355A27E8CFC500DBA62C /* dalamud_helper.exe */,
			);
			path = "XIV on Mac";
			sourceTree = "<group>";
		};
		509A62D527A58966001B203A /* Launcher */ = {
			isa = PBXGroup;
			children = (
				502A18E827AACEFE00144AB9 /* LaunchController.swift */,
				50D30F9F27B92EDB007A9F66 /* OTP.swift */,
				509FE19B27E39DCB008D56D6 /* FFXIVApp.swift */,
				509FE19927E3654E008D56D6 /* FFXIVEnums.swift */,
				502A18D727AA8C0D00144AB9 /* FFXIVLoginServices.swift */,
				5077A32B27C12A9100D4F1B8 /* FFXIVSettings.swift */,
				507607A027B149F600DDF3E6 /* Frontier.swift */,
			);
			path = Launcher;
			sourceTree = "<group>";
		};
		50BC73D427C2C804006269AC /* AddOns */ = {
			isa = PBXGroup;
			children = (
				50ED0DB22773C619002E9854 /* Dotnet.swift */,
				50BC73CE27C2BEAF006269AC /* ACT.swift */,
				50B2A2B827AC461800EFA0A2 /* Dalamud.swift */,
				50BC73D227C2C3F3006269AC /* GShade.swift */,
			);
			path = AddOns;
			sourceTree = "<group>";
		};
		50C45A0C27D8A08D00572977 /* Steamworks */ = {
			isa = PBXGroup;
			children = (
				50C45A8227D8A30A00572977 /* Headers */,
				50C45A7D27D8A30900572977 /* lib */,
				50C45A8027D8A30900572977 /* Steamworks.h */,
				50C45A8127D8A30A00572977 /* Steamworks.mm */,
				50C45ABC27D8E9FC00572977 /* Steamworks.swift */,
				50C45AB727D8A33F00572977 /* XIV on Mac-Bridging-Header.h */,
			);
			path = Steamworks;
			sourceTree = "<group>";
		};
		50C45A7D27D8A30900572977 /* lib */ = {
			isa = PBXGroup;
			children = (
				50C45A7E27D8A30900572977 /* libsdkencryptedappticket.dylib */,
				50C45A7F27D8A30900572977 /* libsteam_api.dylib */,
			);
			path = lib;
			sourceTree = "<group>";
		};
		50C45A8227D8A30A00572977 /* Headers */ = {
			isa = PBXGroup;
			children = (
				50C45A8327D8A30A00572977 /* steam_api_flat.h */,
				50C45A8427D8A30A00572977 /* steam_api.json */,
				50C45A8527D8A30A00572977 /* isteamvideo.h */,
				50C45A8627D8A30A00572977 /* isteamremotestorage.h */,
				50C45A8727D8A30A00572977 /* isteammusicremote.h */,
				50C45A8827D8A30A00572977 /* isteamugc.h */,
				50C45A8927D8A30A00572977 /* isteamnetworkingutils.h */,
				50C45A8A27D8A30A00572977 /* isteamapps.h */,
				50C45A8B27D8A30A00572977 /* steamnetworkingfakeip.h */,
				50C45A8C27D8A30A00572977 /* steam_api_common.h */,
				50C45A8D27D8A30A00572977 /* isteamscreenshots.h */,
				50C45A8E27D8A30A00572977 /* isteamnetworkingsockets.h */,
				50C45A8F27D8A30A00572977 /* isteamhtmlsurface.h */,
				50C45A9027D8A30A00572977 /* matchmakingtypes.h */,
				50C45A9127D8A30A00572977 /* steamps3params.h */,
				50C45A9227D8A30A00572977 /* steamuniverse.h */,
				50C45A9327D8A30A00572977 /* steamtypes.h */,
				50C45A9427D8A30A00572977 /* isteamgameserver.h */,
				50C45A9527D8A30A00572977 /* isteamuser.h */,
				50C45A9627D8A30A00572977 /* isteamremoteplay.h */,
				50C45A9727D8A30A00572977 /* steam_api.h */,
				50C45A9827D8A30A00572977 /* isteamgameserverstats.h */,
				50C45A9927D8A30A00572977 /* isteamps3overlayrenderer.h */,
				50C45A9A27D8A30A00572977 /* isteamcontroller.h */,
				50C45A9B27D8A30A00572977 /* isteammatchmaking.h */,
				50C45A9C27D8A30A00572977 /* isteamfriends.h */,
				50C45A9D27D8A30A00572977 /* isteaminput.h */,
				50C45A9E27D8A30A00572977 /* isteamutils.h */,
				50C45A9F27D8A30A00572977 /* isteamapplist.h */,
				50C45AA027D8A30A00572977 /* isteammusic.h */,
				50C45AA127D8A30A00572977 /* steamnetworkingtypes.h */,
				50C45AA227D8A30A00572977 /* isteaminventory.h */,
				50C45AA327D8A30A00572977 /* steamencryptedappticket.h */,
				50C45AA427D8A30A00572977 /* steam_gameserver.h */,
				50C45AA527D8A30A00572977 /* isteamnetworking.h */,
				50C45AA627D8A30A00572977 /* steamhttpenums.h */,
				50C45AA727D8A30A00572977 /* isteamclient.h */,
				50C45AA827D8A30A00572977 /* steam_api_internal.h */,
				50C45AA927D8A30A00572977 /* steamclientpublic.h */,
				50C45AAA27D8A30A00572977 /* isteamappticket.h */,
				50C45AAB27D8A30A00572977 /* isteamgamecoordinator.h */,
				50C45AAC27D8A30A00572977 /* isteamnetworkingmessages.h */,
				50C45AAD27D8A30A00572977 /* isteamparentalsettings.h */,
				50C45AAE27D8A30A00572977 /* isteamhttp.h */,
				50C45AAF27D8A30A00572977 /* isteamuserstats.h */,
			);
			path = Headers;
			sourceTree = "<group>";
		};
		50F8A5F827BFA93800ADC0CB /* Patcher */ = {
			isa = PBXGroup;
			children = (
				507C600027CAA72000BA3CC2 /* PatchController.swift */,
				5020957827C9611A00BD76CC /* Patch.swift */,
				507C5FFE27CA9F2E00BA3CC2 /* PatchInstaller.swift */,
				50DF1F8427CCB83300DE9DA5 /* FFXIVRepo.swift */,
			);
			path = Patcher;
			sourceTree = "<group>";
		};
/* End PBXGroup section */

/* Begin PBXNativeTarget section */
		50511EC02770E085003A1E9F /* XIV on Mac */ = {
			isa = PBXNativeTarget;
			buildConfigurationList = 50511ED02770E087003A1E9F /* Build configuration list for PBXNativeTarget "XIV on Mac" */;
			buildPhases = (
				50511EBD2770E085003A1E9F /* Sources */,
				50511EBE2770E085003A1E9F /* Frameworks */,
				50511EBF2770E085003A1E9F /* Resources */,
				5592FEB42778D3CB00FA304B /* Fix Codesign (Runtime) */,
				50C45AB527D8A30E00572977 /* Embed Libraries */,
				07B529DA27D98CBF005B78BF /* Fix Install Rosetta Script Permissions */,
			);
			buildRules = (
			);
			dependencies = (
			);
			name = "XIV on Mac";
			packageProductDependencies = (
				507CFBF52781C780007ADEC9 /* ZIPFoundation */,
				502A18E027AABF8400144AB9 /* KeychainAccess */,
				50692C8827B3D13700945593 /* Sparkle */,
				50D30FA227B93359007A9F66 /* Embassy */,
				50DF1F8727CD261A00DE9DA5 /* OrderedCollections */,
				50B1C5B727D25620006DA54E /* SeeURL */,
				50DC355827E8B6AD00DBA62C /* AppMover */,
				50DC355D27E9CEEE00DBA62C /* Base32 */,
			);
			productName = "XIV on Mac";
			productReference = 50511EC12770E085003A1E9F /* XIV on Mac.app */;
			productType = "com.apple.product-type.application";
		};
/* End PBXNativeTarget section */

/* Begin PBXProject section */
		50511EB92770E085003A1E9F /* Project object */ = {
			isa = PBXProject;
			attributes = {
				BuildIndependentTargetsInParallel = 1;
				LastSwiftUpdateCheck = 1320;
				LastUpgradeCheck = 1320;
				TargetAttributes = {
					50511EC02770E085003A1E9F = {
						CreatedOnToolsVersion = 13.2;
						LastSwiftMigration = 1320;
					};
				};
			};
			buildConfigurationList = 50511EBC2770E085003A1E9F /* Build configuration list for PBXProject "XIV on Mac" */;
			compatibilityVersion = "Xcode 13.0";
			developmentRegion = en;
			hasScannedForEncodings = 0;
			knownRegions = (
				en,
				Base,
			);
			mainGroup = 50511EB82770E085003A1E9F;
			packageReferences = (
				507CFBF42781C780007ADEC9 /* XCRemoteSwiftPackageReference "ZIPFoundation" */,
				502A18DF27AABF8400144AB9 /* XCRemoteSwiftPackageReference "KeychainAccess" */,
				50692C8727B3D13700945593 /* XCRemoteSwiftPackageReference "Sparkle" */,
				50D30FA127B93359007A9F66 /* XCRemoteSwiftPackageReference "Embassy" */,
				50DF1F8627CD261A00DE9DA5 /* XCRemoteSwiftPackageReference "swift-collections" */,
				50B1C5B627D25620006DA54E /* XCRemoteSwiftPackageReference "swift-seeurl" */,
				50DC355727E8B6AD00DBA62C /* XCRemoteSwiftPackageReference "AppMover" */,
				50DC355C27E9CEEE00DBA62C /* XCRemoteSwiftPackageReference "Base32" */,
			);
			productRefGroup = 50511EC22770E085003A1E9F /* Products */;
			projectDirPath = "";
			projectRoot = "";
			targets = (
				50511EC02770E085003A1E9F /* XIV on Mac */,
			);
		};
/* End PBXProject section */

/* Begin PBXResourcesBuildPhase section */
		50511EBF2770E085003A1E9F /* Resources */ = {
			isa = PBXResourcesBuildPhase;
			buildActionMask = 2147483647;
			files = (
				5046F7EF27E74AC9006C34E1 /* discord_bridge.exe in Resources */,
				50DF45992795C53300E3D22F /* GShade in Resources */,
				50692C8B27B3E48B00945593 /* Credits.html in Resources */,
				50511EC92770E087003A1E9F /* Assets.xcassets in Resources */,
				07B529D527D97D2B005B78BF /* Localizable.strings in Resources */,
				50DC355B27E8CFC500DBA62C /* dalamud_helper.exe in Resources */,
				07B529D927D97F26005B78BF /* installRosetta.command in Resources */,
				507D8F2127766F52000F0CB0 /* dxvk in Resources */,
				50511ECC2770E087003A1E9F /* Main.storyboard in Resources */,
				5043E36C27728BA300E59127 /* wine in Resources */,
			);
			runOnlyForDeploymentPostprocessing = 0;
		};
/* End PBXResourcesBuildPhase section */

/* Begin PBXShellScriptBuildPhase section */
		07B529DA27D98CBF005B78BF /* Fix Install Rosetta Script Permissions */ = {
			isa = PBXShellScriptBuildPhase;
			alwaysOutOfDate = 1;
			buildActionMask = 2147483647;
			files = (
			);
			inputFileListPaths = (
			);
			inputPaths = (
			);
			name = "Fix Install Rosetta Script Permissions";
			outputFileListPaths = (
			);
			outputPaths = (
			);
			runOnlyForDeploymentPostprocessing = 0;
			shellPath = /bin/sh;
			shellScript = "# Type a script or drag a script file from your workspace to insert its path.\nchmod u+x \"${TARGET_BUILD_DIR}\"/\"${UNLOCALIZED_RESOURCES_FOLDER_PATH}\"/installRosetta.command\n";
		};
		5592FEB42778D3CB00FA304B /* Fix Codesign (Runtime) */ = {
			isa = PBXShellScriptBuildPhase;
			buildActionMask = 2147483647;
			files = (
			);
			inputFileListPaths = (
			);
			inputPaths = (
			);
			name = "Fix Codesign (Runtime)";
			outputFileListPaths = (
			);
			outputPaths = (
			);
			runOnlyForDeploymentPostprocessing = 0;
			shellPath = /bin/sh;
			shellScript = "#!/bin/sh\n\nif [ -z \"${CODE_SIGN_IDENTITY}\" ] ; then\n    echo \"CODE_SIGN_IDENTITY needs to be set!\"\n\n    if [ \"${CONFIGURATION}\" = \"Release\" ] ; then\n        exit 1\n    else\n        # Code-signing is optional for non-release builds.\n        exit 0\n    fi\nfi\n\nif [ -z \"${CODE_SIGN_ENTITLEMENTS}\" ] ; then\n    echo \"CODE_SIGN_ENTITLEMENTS needs to be set!\"\n\n    if [ \"${CONFIGURATION}\" = \"Release\" ] ; then\n        exit 1\n    else\n        exit 0\n    fi\nfi\n\nITEMS=\"\"\nWINE_DIR=\"${TARGET_BUILD_DIR}/${UNLOCALIZED_RESOURCES_FOLDER_PATH_SHALLOW_BUNDLE_NO}/wine/bin\"\n\nif [ -d \"$WINE_DIR\" ] ; then\n    WINE_ITEMS=$(find \"${WINE_DIR}\" -type f)\n    RESULT=$?\n    if [[ $RESULT != 0 ]] ; then\n        exit 1\n    fi\n\n    ITEMS=\"${WINE_ITEMS}\"\nfi\n\nCODE_SIGN_IDENTITY_FOR_ITEMS=\"${EXPANDED_CODE_SIGN_IDENTITY_NAME}\"\nif [ \"${CODE_SIGN_IDENTITY_FOR_ITEMS}\" = \"\" ] ; then\n    CODE_SIGN_IDENTITY_FOR_ITEMS=\"${CODE_SIGN_IDENTITY}\"\nfi\n\necho \"Found:\"\necho \"${ITEMS}\"\n\nOIFS=\"$IFS\"\nIFS=$'\\n'\n\nfor ITEM in $ITEMS;\ndo\n    echo \"Signing '${ITEM}'\"\n    codesign --force --verbose --sign \"${CODE_SIGN_IDENTITY_FOR_ITEMS}\" --entitlements \"${CODE_SIGN_ENTITLEMENTS}\" --options=runtime \"${ITEM}\"\n    RESULT=$?\n    if [[ $RESULT != 0 ]] ; then\n        echo \"Failure: '${ITEM}'.\"\n        IFS=$SAVED_IFS\n        exit 1\n    fi\ndone\n\nIFS=\"$OIFS\"\n";
		};
/* End PBXShellScriptBuildPhase section */

/* Begin PBXSourcesBuildPhase section */
		50511EBD2770E085003A1E9F /* Sources */ = {
			isa = PBXSourcesBuildPhase;
			buildActionMask = 2147483647;
			files = (
				2B7C95D2277C6C6000A3CA89 /* SocialIntegration.swift in Sources */,
				5077A32C27C12A9100D4F1B8 /* FFXIVSettings.swift in Sources */,
				50B2A2B927AC461800EFA0A2 /* Dalamud.swift in Sources */,
				50BD278727785418002B0D1F /* Notifications.swift in Sources */,
				50C45AB227D8A30A00572977 /* Steamworks.mm in Sources */,
				509FE19A27E3654E008D56D6 /* FFXIVEnums.swift in Sources */,
				5010EFE427E4CE40001D2FEC /* Encryption.swift in Sources */,
				5020957927C9611A00BD76CC /* Patch.swift in Sources */,
				50DF1F8527CCB83300DE9DA5 /* FFXIVRepo.swift in Sources */,
				507C600127CAA72000BA3CC2 /* PatchController.swift in Sources */,
				50BC73D327C2C3F3006269AC /* GShade.swift in Sources */,
				50F6CBAA27A975A000013301 /* Wine.swift in Sources */,
				505C0D9B277333920008A344 /* Util.swift in Sources */,
				50F4BD2427CFA70A00FB165D /* DXVK.swift in Sources */,
				50511EC72770E085003A1E9F /* InstallerController.swift in Sources */,
				50D30FA027B92EDB007A9F66 /* OTP.swift in Sources */,
				507C5FFF27CA9F2E00BA3CC2 /* PatchInstaller.swift in Sources */,
				50B2A2B527AC1BC400EFA0A2 /* LoginSheetController.swift in Sources */,
				502A18E927AACEFE00144AB9 /* LaunchController.swift in Sources */,
				502A18D827AA8C0D00144AB9 /* FFXIVLoginServices.swift in Sources */,
				50E5387B2779CF5C0038521A /* SettingsController.swift in Sources */,
				509FE19C27E39DCB008D56D6 /* FFXIVApp.swift in Sources */,
				50BC73CF27C2BEAF006269AC /* ACT.swift in Sources */,
				50511EC52770E085003A1E9F /* AppDelegate.swift in Sources */,
				50ED0DB32773C619002E9854 /* Dotnet.swift in Sources */,
				507607A127B149F600DDF3E6 /* Frontier.swift in Sources */,
				50C45ABD27D8E9FC00572977 /* Steamworks.swift in Sources */,
				50ED0DB52773CA8C002E9854 /* Networking.swift in Sources */,
			);
			runOnlyForDeploymentPostprocessing = 0;
		};
/* End PBXSourcesBuildPhase section */

/* Begin PBXVariantGroup section */
		07B529D727D97D2B005B78BF /* Localizable.strings */ = {
			isa = PBXVariantGroup;
			children = (
				07B529D627D97D2B005B78BF /* en */,
			);
			name = Localizable.strings;
			sourceTree = "<group>";
		};
		50511ECA2770E087003A1E9F /* Main.storyboard */ = {
			isa = PBXVariantGroup;
			children = (
				50511ECB2770E087003A1E9F /* Base */,
			);
			name = Main.storyboard;
			sourceTree = "<group>";
		};
/* End PBXVariantGroup section */

/* Begin XCBuildConfiguration section */
		50511ECE2770E087003A1E9F /* Debug */ = {
			isa = XCBuildConfiguration;
			buildSettings = {
				ALWAYS_SEARCH_USER_PATHS = NO;
				ARCHS = "$(ARCHS_STANDARD)";
				BUILD_LIBRARY_FOR_DISTRIBUTION = NO;
				CLANG_ANALYZER_NONNULL = YES;
				CLANG_ANALYZER_NUMBER_OBJECT_CONVERSION = YES_AGGRESSIVE;
				CLANG_CXX_LANGUAGE_STANDARD = "gnu++17";
				CLANG_CXX_LIBRARY = "libc++";
				CLANG_ENABLE_MODULES = YES;
				CLANG_ENABLE_OBJC_ARC = YES;
				CLANG_ENABLE_OBJC_WEAK = YES;
				CLANG_WARN_BLOCK_CAPTURE_AUTORELEASING = YES;
				CLANG_WARN_BOOL_CONVERSION = YES;
				CLANG_WARN_COMMA = YES;
				CLANG_WARN_CONSTANT_CONVERSION = YES;
				CLANG_WARN_DEPRECATED_OBJC_IMPLEMENTATIONS = YES;
				CLANG_WARN_DIRECT_OBJC_ISA_USAGE = YES_ERROR;
				CLANG_WARN_DOCUMENTATION_COMMENTS = YES;
				CLANG_WARN_EMPTY_BODY = YES;
				CLANG_WARN_ENUM_CONVERSION = YES;
				CLANG_WARN_INFINITE_RECURSION = YES;
				CLANG_WARN_INT_CONVERSION = YES;
				CLANG_WARN_NON_LITERAL_NULL_CONVERSION = YES;
				CLANG_WARN_OBJC_IMPLICIT_RETAIN_SELF = YES;
				CLANG_WARN_OBJC_LITERAL_CONVERSION = YES;
				CLANG_WARN_OBJC_ROOT_CLASS = YES_ERROR;
				CLANG_WARN_QUOTED_INCLUDE_IN_FRAMEWORK_HEADER = YES;
				CLANG_WARN_RANGE_LOOP_ANALYSIS = YES;
				CLANG_WARN_STRICT_PROTOTYPES = YES;
				CLANG_WARN_SUSPICIOUS_MOVE = YES;
				CLANG_WARN_UNGUARDED_AVAILABILITY = YES_AGGRESSIVE;
				CLANG_WARN_UNREACHABLE_CODE = YES;
				CLANG_WARN__DUPLICATE_METHOD_MATCH = YES;
				COPY_PHASE_STRIP = NO;
				DEBUG_INFORMATION_FORMAT = dwarf;
				ENABLE_STRICT_OBJC_MSGSEND = YES;
				ENABLE_TESTABILITY = YES;
				GCC_C_LANGUAGE_STANDARD = gnu11;
				GCC_DYNAMIC_NO_PIC = NO;
				GCC_NO_COMMON_BLOCKS = YES;
				GCC_OPTIMIZATION_LEVEL = 0;
				GCC_PREPROCESSOR_DEFINITIONS = (
					"DEBUG=1",
					"$(inherited)",
				);
				GCC_WARN_64_TO_32_BIT_CONVERSION = YES;
				GCC_WARN_ABOUT_RETURN_TYPE = YES_ERROR;
				GCC_WARN_UNDECLARED_SELECTOR = YES;
				GCC_WARN_UNINITIALIZED_AUTOS = YES_AGGRESSIVE;
				GCC_WARN_UNUSED_FUNCTION = YES;
				GCC_WARN_UNUSED_VARIABLE = YES;
				MACOSX_DEPLOYMENT_TARGET = 12.0;
				MTL_ENABLE_DEBUG_INFO = INCLUDE_SOURCE;
				MTL_FAST_MATH = YES;
				ONLY_ACTIVE_ARCH = YES;
				OTHER_CODE_SIGN_FLAGS = "--deep";
				SDKROOT = macosx;
				SWIFT_ACTIVE_COMPILATION_CONDITIONS = DEBUG;
				SWIFT_OPTIMIZATION_LEVEL = "-Onone";
			};
			name = Debug;
		};
		50511ECF2770E087003A1E9F /* Release */ = {
			isa = XCBuildConfiguration;
			buildSettings = {
				ALWAYS_SEARCH_USER_PATHS = NO;
				ARCHS = "$(ARCHS_STANDARD)";
				BUILD_LIBRARY_FOR_DISTRIBUTION = NO;
				CLANG_ANALYZER_NONNULL = YES;
				CLANG_ANALYZER_NUMBER_OBJECT_CONVERSION = YES_AGGRESSIVE;
				CLANG_CXX_LANGUAGE_STANDARD = "gnu++17";
				CLANG_CXX_LIBRARY = "libc++";
				CLANG_ENABLE_MODULES = YES;
				CLANG_ENABLE_OBJC_ARC = YES;
				CLANG_ENABLE_OBJC_WEAK = YES;
				CLANG_WARN_BLOCK_CAPTURE_AUTORELEASING = YES;
				CLANG_WARN_BOOL_CONVERSION = YES;
				CLANG_WARN_COMMA = YES;
				CLANG_WARN_CONSTANT_CONVERSION = YES;
				CLANG_WARN_DEPRECATED_OBJC_IMPLEMENTATIONS = YES;
				CLANG_WARN_DIRECT_OBJC_ISA_USAGE = YES_ERROR;
				CLANG_WARN_DOCUMENTATION_COMMENTS = YES;
				CLANG_WARN_EMPTY_BODY = YES;
				CLANG_WARN_ENUM_CONVERSION = YES;
				CLANG_WARN_INFINITE_RECURSION = YES;
				CLANG_WARN_INT_CONVERSION = YES;
				CLANG_WARN_NON_LITERAL_NULL_CONVERSION = YES;
				CLANG_WARN_OBJC_IMPLICIT_RETAIN_SELF = YES;
				CLANG_WARN_OBJC_LITERAL_CONVERSION = YES;
				CLANG_WARN_OBJC_ROOT_CLASS = YES_ERROR;
				CLANG_WARN_QUOTED_INCLUDE_IN_FRAMEWORK_HEADER = YES;
				CLANG_WARN_RANGE_LOOP_ANALYSIS = YES;
				CLANG_WARN_STRICT_PROTOTYPES = YES;
				CLANG_WARN_SUSPICIOUS_MOVE = YES;
				CLANG_WARN_UNGUARDED_AVAILABILITY = YES_AGGRESSIVE;
				CLANG_WARN_UNREACHABLE_CODE = YES;
				CLANG_WARN__DUPLICATE_METHOD_MATCH = YES;
				COPY_PHASE_STRIP = NO;
				DEBUG_INFORMATION_FORMAT = "dwarf-with-dsym";
				ENABLE_NS_ASSERTIONS = NO;
				ENABLE_STRICT_OBJC_MSGSEND = YES;
				GCC_C_LANGUAGE_STANDARD = gnu11;
				GCC_NO_COMMON_BLOCKS = YES;
				GCC_WARN_64_TO_32_BIT_CONVERSION = YES;
				GCC_WARN_ABOUT_RETURN_TYPE = YES_ERROR;
				GCC_WARN_UNDECLARED_SELECTOR = YES;
				GCC_WARN_UNINITIALIZED_AUTOS = YES_AGGRESSIVE;
				GCC_WARN_UNUSED_FUNCTION = YES;
				GCC_WARN_UNUSED_VARIABLE = YES;
				MACOSX_DEPLOYMENT_TARGET = 12.0;
				MTL_ENABLE_DEBUG_INFO = NO;
				MTL_FAST_MATH = YES;
				OTHER_CODE_SIGN_FLAGS = "--deep";
				SDKROOT = macosx;
				SWIFT_COMPILATION_MODE = wholemodule;
				SWIFT_OPTIMIZATION_LEVEL = "-O";
			};
			name = Release;
		};
		50511ED12770E087003A1E9F /* Debug */ = {
			isa = XCBuildConfiguration;
			buildSettings = {
				ASSETCATALOG_COMPILER_APPICON_NAME = AppIcon;
				ASSETCATALOG_COMPILER_GLOBAL_ACCENT_COLOR_NAME = AccentColor;
				CLANG_ENABLE_MODULES = YES;
				CODE_SIGN_ENTITLEMENTS = "XIV on Mac/XIV_on_Mac.entitlements";
				CODE_SIGN_IDENTITY = "Apple Development";
				CODE_SIGN_STYLE = Automatic;
				COMBINE_HIDPI_IMAGES = YES;
				CURRENT_PROJECT_VERSION = 30;
				DEVELOPMENT_TEAM = TQJJTJ6364;
				ENABLE_HARDENED_RUNTIME = YES;
				GENERATE_INFOPLIST_FILE = YES;
				INFOPLIST_FILE = "XIV-on-Mac-Info.plist";
				INFOPLIST_KEY_LSApplicationCategoryType = "public.app-category.role-playing-games";
				INFOPLIST_KEY_NSHumanReadableCopyright = "";
				INFOPLIST_KEY_NSMainStoryboardFile = Main;
				INFOPLIST_KEY_NSPrincipalClass = NSApplication;
				LD_RUNPATH_SEARCH_PATHS = (
					"$(inherited)",
					"@executable_path/../Frameworks",
					"@loader_path/../Frameworks",
				);
				LIBRARY_SEARCH_PATHS = (
					"$(inherited)",
					"$(PROJECT_DIR)/XIV\\ on\\ Mac/wine/lib",
					"$(PROJECT_DIR)/XIV\\ on\\ Mac/Steamworks/lib",
					"$(PROJECT_DIR)/XIV\\ on\\ Mac/Steamworks/lib",
					"$(PROJECT_DIR)/XIV\\ on\\ Mac/Steamworks/lib",
					"$(PROJECT_DIR)/XIV\\ on\\ Mac/Steamworks/lib",
				);
				MACOSX_DEPLOYMENT_TARGET = 10.15;
				MARKETING_VERSION = 3.2.4;
				OTHER_CODE_SIGN_FLAGS = "--deep";
				PRODUCT_BUNDLE_IDENTIFIER = "dezent.XIV-on-Mac";
				PRODUCT_NAME = "$(TARGET_NAME)";
				PROVISIONING_PROFILE_SPECIFIER = "";
				SWIFT_EMIT_LOC_STRINGS = YES;
				SWIFT_OBJC_BRIDGING_HEADER = "XIV on Mac/Steamworks/XIV on Mac-Bridging-Header.h";
				SWIFT_OPTIMIZATION_LEVEL = "-Onone";
				SWIFT_VERSION = 5.0;
				VERSIONING_SYSTEM = "";
			};
			name = Debug;
		};
		50511ED22770E087003A1E9F /* Release */ = {
			isa = XCBuildConfiguration;
			buildSettings = {
				ASSETCATALOG_COMPILER_APPICON_NAME = AppIcon;
				ASSETCATALOG_COMPILER_GLOBAL_ACCENT_COLOR_NAME = AccentColor;
				CLANG_ENABLE_MODULES = YES;
				CODE_SIGN_ENTITLEMENTS = "XIV on Mac/XIV_on_Mac.entitlements";
				CODE_SIGN_IDENTITY = "Apple Development";
				CODE_SIGN_STYLE = Automatic;
				COMBINE_HIDPI_IMAGES = YES;
				CURRENT_PROJECT_VERSION = 30;
				DEVELOPMENT_TEAM = TQJJTJ6364;
				ENABLE_HARDENED_RUNTIME = YES;
				GENERATE_INFOPLIST_FILE = YES;
				INFOPLIST_FILE = "XIV-on-Mac-Info.plist";
				INFOPLIST_KEY_LSApplicationCategoryType = "public.app-category.role-playing-games";
				INFOPLIST_KEY_NSHumanReadableCopyright = "";
				INFOPLIST_KEY_NSMainStoryboardFile = Main;
				INFOPLIST_KEY_NSPrincipalClass = NSApplication;
				LD_RUNPATH_SEARCH_PATHS = (
					"$(inherited)",
					"@executable_path/../Frameworks",
					"@loader_path/../Frameworks",
				);
				LIBRARY_SEARCH_PATHS = (
					"$(inherited)",
					"$(PROJECT_DIR)/XIV\\ on\\ Mac/wine/lib",
					"$(PROJECT_DIR)/XIV\\ on\\ Mac/Steamworks/lib",
					"$(PROJECT_DIR)/XIV\\ on\\ Mac/Steamworks/lib",
					"$(PROJECT_DIR)/XIV\\ on\\ Mac/Steamworks/lib",
					"$(PROJECT_DIR)/XIV\\ on\\ Mac/Steamworks/lib",
				);
				MACOSX_DEPLOYMENT_TARGET = 10.15;
				MARKETING_VERSION = 3.2.4;
				OTHER_CODE_SIGN_FLAGS = "--deep";
				PRODUCT_BUNDLE_IDENTIFIER = "dezent.XIV-on-Mac";
				PRODUCT_NAME = "$(TARGET_NAME)";
				PROVISIONING_PROFILE_SPECIFIER = "";
				SWIFT_EMIT_LOC_STRINGS = YES;
				SWIFT_OBJC_BRIDGING_HEADER = "XIV on Mac/Steamworks/XIV on Mac-Bridging-Header.h";
				SWIFT_VERSION = 5.0;
				VERSIONING_SYSTEM = "";
			};
			name = Release;
		};
/* End XCBuildConfiguration section */

/* Begin XCConfigurationList section */
		50511EBC2770E085003A1E9F /* Build configuration list for PBXProject "XIV on Mac" */ = {
			isa = XCConfigurationList;
			buildConfigurations = (
				50511ECE2770E087003A1E9F /* Debug */,
				50511ECF2770E087003A1E9F /* Release */,
			);
			defaultConfigurationIsVisible = 0;
			defaultConfigurationName = Release;
		};
		50511ED02770E087003A1E9F /* Build configuration list for PBXNativeTarget "XIV on Mac" */ = {
			isa = XCConfigurationList;
			buildConfigurations = (
				50511ED12770E087003A1E9F /* Debug */,
				50511ED22770E087003A1E9F /* Release */,
			);
			defaultConfigurationIsVisible = 0;
			defaultConfigurationName = Release;
		};
/* End XCConfigurationList section */

/* Begin XCRemoteSwiftPackageReference section */
		502A18DF27AABF8400144AB9 /* XCRemoteSwiftPackageReference "KeychainAccess" */ = {
			isa = XCRemoteSwiftPackageReference;
			repositoryURL = "https://github.com/kishikawakatsumi/KeychainAccess";
			requirement = {
				branch = master;
				kind = branch;
			};
		};
		50692C8727B3D13700945593 /* XCRemoteSwiftPackageReference "Sparkle" */ = {
			isa = XCRemoteSwiftPackageReference;
			repositoryURL = "https://github.com/sparkle-project/Sparkle";
			requirement = {
				kind = upToNextMajorVersion;
				minimumVersion = 2.0.0;
			};
		};
		507CFBF42781C780007ADEC9 /* XCRemoteSwiftPackageReference "ZIPFoundation" */ = {
			isa = XCRemoteSwiftPackageReference;
			repositoryURL = "https://github.com/weichsel/ZIPFoundation.git";
			requirement = {
				kind = upToNextMajorVersion;
				minimumVersion = 0.9.9;
			};
		};
		50B1C5B627D25620006DA54E /* XCRemoteSwiftPackageReference "swift-seeurl" */ = {
			isa = XCRemoteSwiftPackageReference;
			repositoryURL = "https://github.com/marzent/swift-seeurl.git";
			requirement = {
				branch = master;
				kind = branch;
			};
		};
		50D30FA127B93359007A9F66 /* XCRemoteSwiftPackageReference "Embassy" */ = {
			isa = XCRemoteSwiftPackageReference;
			repositoryURL = "https://github.com/envoy/Embassy.git";
			requirement = {
				kind = upToNextMajorVersion;
				minimumVersion = 4.0.0;
			};
		};
		50DC355727E8B6AD00DBA62C /* XCRemoteSwiftPackageReference "AppMover" */ = {
			isa = XCRemoteSwiftPackageReference;
			repositoryURL = "https://github.com/iamcalledrob/AppMover";
			requirement = {
				branch = master;
				kind = branch;
			};
		};
		50DC355C27E9CEEE00DBA62C /* XCRemoteSwiftPackageReference "Base32" */ = {
			isa = XCRemoteSwiftPackageReference;
			repositoryURL = "https://github.com/norio-nomura/Base32";
			requirement = {
				kind = upToNextMajorVersion;
				minimumVersion = 0.9.0;
			};
		};
		50DF1F8627CD261A00DE9DA5 /* XCRemoteSwiftPackageReference "swift-collections" */ = {
			isa = XCRemoteSwiftPackageReference;
			repositoryURL = "https://github.com/apple/swift-collections.git";
			requirement = {
				kind = upToNextMajorVersion;
				minimumVersion = 1.0.0;
			};
		};
/* End XCRemoteSwiftPackageReference section */

/* Begin XCSwiftPackageProductDependency section */
		502A18E027AABF8400144AB9 /* KeychainAccess */ = {
			isa = XCSwiftPackageProductDependency;
			package = 502A18DF27AABF8400144AB9 /* XCRemoteSwiftPackageReference "KeychainAccess" */;
			productName = KeychainAccess;
		};
		50692C8827B3D13700945593 /* Sparkle */ = {
			isa = XCSwiftPackageProductDependency;
			package = 50692C8727B3D13700945593 /* XCRemoteSwiftPackageReference "Sparkle" */;
			productName = Sparkle;
		};
		507CFBF52781C780007ADEC9 /* ZIPFoundation */ = {
			isa = XCSwiftPackageProductDependency;
			package = 507CFBF42781C780007ADEC9 /* XCRemoteSwiftPackageReference "ZIPFoundation" */;
			productName = ZIPFoundation;
		};
		50B1C5B727D25620006DA54E /* SeeURL */ = {
			isa = XCSwiftPackageProductDependency;
			package = 50B1C5B627D25620006DA54E /* XCRemoteSwiftPackageReference "swift-seeurl" */;
			productName = SeeURL;
		};
		50D30FA227B93359007A9F66 /* Embassy */ = {
			isa = XCSwiftPackageProductDependency;
			package = 50D30FA127B93359007A9F66 /* XCRemoteSwiftPackageReference "Embassy" */;
			productName = Embassy;
		};
		50DC355827E8B6AD00DBA62C /* AppMover */ = {
			isa = XCSwiftPackageProductDependency;
			package = 50DC355727E8B6AD00DBA62C /* XCRemoteSwiftPackageReference "AppMover" */;
			productName = AppMover;
		};
		50DC355D27E9CEEE00DBA62C /* Base32 */ = {
			isa = XCSwiftPackageProductDependency;
			package = 50DC355C27E9CEEE00DBA62C /* XCRemoteSwiftPackageReference "Base32" */;
			productName = Base32;
		};
		50DF1F8727CD261A00DE9DA5 /* OrderedCollections */ = {
			isa = XCSwiftPackageProductDependency;
			package = 50DF1F8627CD261A00DE9DA5 /* XCRemoteSwiftPackageReference "swift-collections" */;
			productName = OrderedCollections;
		};
/* End XCSwiftPackageProductDependency section */
	};
	rootObject = 50511EB92770E085003A1E9F /* Project object */;
}
